<?xml version="1.0" encoding="UTF-8"?>
<!DOCTYPE plist PUBLIC "-//Apple//DTD PLIST 1.0//EN" "http://www.apple.com/DTDs/PropertyList-1.0.dtd">
<plist version="1.0">
<dict>
	<key>archiveVersion</key>
	<string>1</string>
	<key>classes</key>
	<dict/>
	<key>objectVersion</key>
	<string>46</string>
	<key>objects</key>
	<dict>
		<key>047E374940D3016A96D2F13E</key>
		<dict>
			<key>fileRef</key>
			<string>53FA5E4AE725975865A274A6</string>
			<key>isa</key>
			<string>PBXBuildFile</string>
		</dict>
		<key>185D03C94F5F7E0FD4FEA65A</key>
		<dict>
			<key>buildActionMask</key>
			<string>2147483647</string>
			<key>files</key>
			<array/>
			<key>inputPaths</key>
			<array/>
			<key>isa</key>
			<string>PBXShellScriptBuildPhase</string>
			<key>name</key>
			<string>Embed Pods Frameworks</string>
			<key>outputPaths</key>
			<array/>
			<key>runOnlyForDeploymentPostprocessing</key>
			<string>0</string>
			<key>shellPath</key>
			<string>/bin/sh</string>
			<key>shellScript</key>
			<string>"${SRCROOT}/Pods/Target Support Files/Pods/Pods-frameworks.sh"
</string>
			<key>showEnvVarsInLog</key>
			<string>0</string>
		</dict>
		<key>21A37444078C5305D5AEE9BD</key>
		<dict>
			<key>children</key>
			<array>
				<string>AA23AD1EBA076B6178E471AA</string>
				<string>60A566244E51BC6B84BF6CBD</string>
			</array>
			<key>isa</key>
			<string>PBXGroup</string>
			<key>name</key>
			<string>Pods</string>
			<key>sourceTree</key>
			<string>&lt;group&gt;</string>
		</dict>
		<key>33FE5419B7F0F2363FF8B0F3</key>
		<dict>
			<key>children</key>
			<array>
				<string>53FA5E4AE725975865A274A6</string>
			</array>
			<key>isa</key>
			<string>PBXGroup</string>
			<key>name</key>
			<string>Frameworks</string>
			<key>sourceTree</key>
			<string>&lt;group&gt;</string>
		</dict>
		<key>53FA5E4AE725975865A274A6</key>
		<dict>
			<key>explicitFileType</key>
			<string>archive.ar</string>
			<key>includeInIndex</key>
			<string>0</string>
			<key>isa</key>
			<string>PBXFileReference</string>
			<key>path</key>
			<string>libPods.a</string>
			<key>sourceTree</key>
			<string>BUILT_PRODUCTS_DIR</string>
		</dict>
		<key>60A566244E51BC6B84BF6CBD</key>
		<dict>
			<key>includeInIndex</key>
			<string>1</string>
			<key>isa</key>
			<string>PBXFileReference</string>
			<key>lastKnownFileType</key>
			<string>text.xcconfig</string>
			<key>name</key>
			<string>Pods.release.xcconfig</string>
			<key>path</key>
			<string>Pods/Target Support Files/Pods/Pods.release.xcconfig</string>
			<key>sourceTree</key>
			<string>&lt;group&gt;</string>
		</dict>
		<key>630F25C612BCD0EB320FE8FD</key>
		<dict>
			<key>buildActionMask</key>
			<string>2147483647</string>
			<key>files</key>
			<array/>
			<key>inputPaths</key>
			<array/>
			<key>isa</key>
			<string>PBXShellScriptBuildPhase</string>
			<key>name</key>
			<string>Copy Pods Resources</string>
			<key>outputPaths</key>
			<array/>
			<key>runOnlyForDeploymentPostprocessing</key>
			<string>0</string>
			<key>shellPath</key>
			<string>/bin/sh</string>
			<key>shellScript</key>
			<string>"${SRCROOT}/Pods/Target Support Files/Pods/Pods-resources.sh"
</string>
			<key>showEnvVarsInLog</key>
			<string>0</string>
		</dict>
		<key>AA23AD1EBA076B6178E471AA</key>
		<dict>
			<key>includeInIndex</key>
			<string>1</string>
			<key>isa</key>
			<string>PBXFileReference</string>
			<key>lastKnownFileType</key>
			<string>text.xcconfig</string>
			<key>name</key>
			<string>Pods.debug.xcconfig</string>
			<key>path</key>
			<string>Pods/Target Support Files/Pods/Pods.debug.xcconfig</string>
			<key>sourceTree</key>
			<string>&lt;group&gt;</string>
		</dict>
		<key>CCACC208B1950A58A9D229AE</key>
		<dict>
			<key>buildActionMask</key>
			<string>2147483647</string>
			<key>files</key>
			<array/>
			<key>inputPaths</key>
			<array/>
			<key>isa</key>
			<string>PBXShellScriptBuildPhase</string>
			<key>name</key>
			<string>Check Pods Manifest.lock</string>
			<key>outputPaths</key>
			<array/>
			<key>runOnlyForDeploymentPostprocessing</key>
			<string>0</string>
			<key>shellPath</key>
			<string>/bin/sh</string>
			<key>shellScript</key>
			<string>diff "${PODS_ROOT}/../Podfile.lock" "${PODS_ROOT}/Manifest.lock" &gt; /dev/null
if [[ $? != 0 ]] ; then
    cat &lt;&lt; EOM
error: The sandbox is not in sync with the Podfile.lock. Run 'pod install' or update your CocoaPods installation.
EOM
    exit 1
fi
</string>
			<key>showEnvVarsInLog</key>
			<string>0</string>
		</dict>
		<key>FA5A83F21CD1FA800020FE93</key>
		<dict>
			<key>fileEncoding</key>
			<string>4</string>
			<key>isa</key>
			<string>PBXFileReference</string>
			<key>lastKnownFileType</key>
			<string>sourcecode.c.h</string>
			<key>path</key>
			<string>CheatsDetailViewController.h</string>
			<key>sourceTree</key>
			<string>&lt;group&gt;</string>
		</dict>
		<key>FA5A83F31CD1FA800020FE93</key>
		<dict>
			<key>fileEncoding</key>
			<string>4</string>
			<key>isa</key>
			<string>PBXFileReference</string>
			<key>lastKnownFileType</key>
			<string>sourcecode.c.objc</string>
			<key>path</key>
			<string>CheatsDetailViewController.m</string>
			<key>sourceTree</key>
			<string>&lt;group&gt;</string>
		</dict>
		<key>FA5A83F41CD1FA800020FE93</key>
		<dict>
			<key>fileEncoding</key>
			<string>4</string>
			<key>isa</key>
			<string>PBXFileReference</string>
			<key>lastKnownFileType</key>
			<string>file.xib</string>
			<key>path</key>
			<string>CheatsDetailViewController.xib</string>
			<key>sourceTree</key>
			<string>&lt;group&gt;</string>
		</dict>
		<key>FA5A83F51CD1FA800020FE93</key>
		<dict>
			<key>fileRef</key>
			<string>FA5A83F31CD1FA800020FE93</string>
			<key>isa</key>
			<string>PBXBuildFile</string>
		</dict>
		<key>FA5A83F61CD1FA800020FE93</key>
		<dict>
			<key>fileRef</key>
			<string>FA5A83F41CD1FA800020FE93</string>
			<key>isa</key>
			<string>PBXBuildFile</string>
		</dict>
		<key>FA5A83F71CD1FE9D0020FE93</key>
		<dict>
			<key>children</key>
			<array>
				<string>FA5A83F81CD1FEB30020FE93</string>
				<string>FA5A83F91CD1FEB30020FE93</string>
			</array>
			<key>isa</key>
			<string>PBXGroup</string>
			<key>path</key>
			<string>Entity</string>
			<key>sourceTree</key>
			<string>&lt;group&gt;</string>
		</dict>
		<key>FA5A83F81CD1FEB30020FE93</key>
		<dict>
			<key>fileEncoding</key>
			<string>4</string>
			<key>isa</key>
			<string>PBXFileReference</string>
			<key>lastKnownFileType</key>
			<string>sourcecode.c.h</string>
			<key>path</key>
			<string>Cheats.h</string>
			<key>sourceTree</key>
			<string>&lt;group&gt;</string>
		</dict>
		<key>FA5A83F91CD1FEB30020FE93</key>
		<dict>
			<key>fileEncoding</key>
			<string>4</string>
			<key>isa</key>
			<string>PBXFileReference</string>
			<key>lastKnownFileType</key>
			<string>sourcecode.c.objc</string>
			<key>path</key>
			<string>Cheats.m</string>
			<key>sourceTree</key>
			<string>&lt;group&gt;</string>
		</dict>
		<key>FA5A83FA1CD1FEB30020FE93</key>
		<dict>
			<key>fileRef</key>
			<string>FA5A83F91CD1FEB30020FE93</string>
			<key>isa</key>
			<string>PBXBuildFile</string>
		</dict>
		<key>FA5A83FB1CD201ED0020FE93</key>
		<dict>
			<key>fileEncoding</key>
			<string>4</string>
			<key>isa</key>
			<string>PBXFileReference</string>
			<key>lastKnownFileType</key>
			<string>sourcecode.c.h</string>
			<key>path</key>
			<string>CheatsDetailCell.h</string>
			<key>sourceTree</key>
			<string>&lt;group&gt;</string>
		</dict>
		<key>FA5A83FC1CD201ED0020FE93</key>
		<dict>
			<key>fileEncoding</key>
			<string>4</string>
			<key>isa</key>
			<string>PBXFileReference</string>
			<key>lastKnownFileType</key>
			<string>sourcecode.c.objc</string>
			<key>path</key>
			<string>CheatsDetailCell.m</string>
			<key>sourceTree</key>
			<string>&lt;group&gt;</string>
		</dict>
		<key>FA5A83FD1CD201ED0020FE93</key>
		<dict>
			<key>fileEncoding</key>
			<string>4</string>
			<key>isa</key>
			<string>PBXFileReference</string>
			<key>lastKnownFileType</key>
			<string>file.xib</string>
			<key>path</key>
			<string>CheatsDetailCell.xib</string>
			<key>sourceTree</key>
			<string>&lt;group&gt;</string>
		</dict>
		<key>FA5A83FE1CD201ED0020FE93</key>
		<dict>
			<key>fileRef</key>
			<string>FA5A83FC1CD201ED0020FE93</string>
			<key>isa</key>
			<string>PBXBuildFile</string>
		</dict>
		<key>FA5A83FF1CD201ED0020FE93</key>
		<dict>
			<key>fileRef</key>
			<string>FA5A83FD1CD201ED0020FE93</string>
			<key>isa</key>
			<string>PBXBuildFile</string>
		</dict>
		<key>FA5A84001CD213000020FE93</key>
		<dict>
			<key>isa</key>
			<string>PBXFileReference</string>
			<key>lastKnownFileType</key>
			<string>wrapper.framework</string>
			<key>name</key>
			<string>MessageUI.framework</string>
			<key>path</key>
			<string>System/Library/Frameworks/MessageUI.framework</string>
			<key>sourceTree</key>
			<string>SDKROOT</string>
		</dict>
		<key>FA5A84011CD213000020FE93</key>
		<dict>
			<key>fileRef</key>
			<string>FA5A84001CD213000020FE93</string>
			<key>isa</key>
			<string>PBXBuildFile</string>
		</dict>
		<key>FAF581BC1CCF0A6300992B81</key>
		<dict>
			<key>children</key>
			<array>
				<string>FA5A84001CD213000020FE93</string>
				<string>FAF581C71CCF0A6300992B81</string>
				<string>FAF581E11CCF0A6300992B81</string>
				<string>FAF581EC1CCF0A6300992B81</string>
				<string>FAF581C61CCF0A6300992B81</string>
				<string>21A37444078C5305D5AEE9BD</string>
				<string>33FE5419B7F0F2363FF8B0F3</string>
			</array>
			<key>isa</key>
			<string>PBXGroup</string>
			<key>sourceTree</key>
			<string>&lt;group&gt;</string>
		</dict>
		<key>FAF581BD1CCF0A6300992B81</key>
		<dict>
			<key>attributes</key>
			<dict>
				<key>LastUpgradeCheck</key>
				<string>0730</string>
				<key>ORGANIZATIONNAME</key>
				<string>leiziyun</string>
				<key>TargetAttributes</key>
				<dict>
					<key>FAF581C41CCF0A6300992B81</key>
					<dict>
						<key>CreatedOnToolsVersion</key>
						<string>7.3</string>
					</dict>
					<key>FAF581DD1CCF0A6300992B81</key>
					<dict>
						<key>CreatedOnToolsVersion</key>
						<string>7.3</string>
						<key>TestTargetID</key>
						<string>FAF581C41CCF0A6300992B81</string>
					</dict>
					<key>FAF581E81CCF0A6300992B81</key>
					<dict>
						<key>CreatedOnToolsVersion</key>
						<string>7.3</string>
						<key>TestTargetID</key>
						<string>FAF581C41CCF0A6300992B81</string>
					</dict>
				</dict>
			</dict>
			<key>buildConfigurationList</key>
			<string>FAF581C01CCF0A6300992B81</string>
			<key>compatibilityVersion</key>
			<string>Xcode 3.2</string>
			<key>developmentRegion</key>
			<string>English</string>
			<key>hasScannedForEncodings</key>
			<string>0</string>
			<key>isa</key>
			<string>PBXProject</string>
			<key>knownRegions</key>
			<array>
				<string>en</string>
				<string>Base</string>
			</array>
			<key>mainGroup</key>
			<string>FAF581BC1CCF0A6300992B81</string>
			<key>productRefGroup</key>
			<string>FAF581C61CCF0A6300992B81</string>
			<key>projectDirPath</key>
			<string></string>
			<key>projectReferences</key>
			<array/>
			<key>projectRoot</key>
			<string></string>
			<key>targets</key>
			<array>
				<string>FAF581C41CCF0A6300992B81</string>
				<string>FAF581DD1CCF0A6300992B81</string>
				<string>FAF581E81CCF0A6300992B81</string>
			</array>
		</dict>
		<key>FAF581C01CCF0A6300992B81</key>
		<dict>
			<key>buildConfigurations</key>
			<array>
				<string>FAF581F01CCF0A6300992B81</string>
				<string>FAF581F11CCF0A6300992B81</string>
			</array>
			<key>defaultConfigurationIsVisible</key>
			<string>0</string>
			<key>defaultConfigurationName</key>
			<string>Release</string>
			<key>isa</key>
			<string>XCConfigurationList</string>
		</dict>
		<key>FAF581C11CCF0A6300992B81</key>
		<dict>
			<key>buildActionMask</key>
			<string>2147483647</string>
			<key>files</key>
			<array>
				<string>FAF5820C1CD0B62500992B81</string>
				<string>FAF5820B1CD0B62500992B81</string>
				<string>FA5A83FE1CD201ED0020FE93</string>
				<string>FAF581D01CCF0A6300992B81</string>
				<string>FAF581CD1CCF0A6300992B81</string>
				<string>FAF582191CD0F05300992B81</string>
				<string>FA5A83F51CD1FA800020FE93</string>
				<string>FAF5820E1CD0B62500992B81</string>
				<string>FAF581CA1CCF0A6300992B81</string>
				<string>FAF5820D1CD0B62500992B81</string>
				<string>FAF582111CD0B62500992B81</string>
				<string>FAF582101CD0B62500992B81</string>
				<string>FAF5820F1CD0B62500992B81</string>
				<string>FA5A83FA1CD1FEB30020FE93</string>
			</array>
			<key>isa</key>
			<string>PBXSourcesBuildPhase</string>
			<key>runOnlyForDeploymentPostprocessing</key>
			<string>0</string>
		</dict>
		<key>FAF581C21CCF0A6300992B81</key>
		<dict>
			<key>buildActionMask</key>
			<string>2147483647</string>
			<key>files</key>
			<array>
				<string>FA5A84011CD213000020FE93</string>
				<string>047E374940D3016A96D2F13E</string>
			</array>
			<key>isa</key>
			<string>PBXFrameworksBuildPhase</string>
			<key>runOnlyForDeploymentPostprocessing</key>
			<string>0</string>
		</dict>
		<key>FAF581C31CCF0A6300992B81</key>
		<dict>
			<key>buildActionMask</key>
			<string>2147483647</string>
			<key>files</key>
			<array>
				<string>FAF581D81CCF0A6300992B81</string>
				<string>FAF581D51CCF0A6300992B81</string>
				<string>FA5A83FF1CD201ED0020FE93</string>
				<string>FAF581D31CCF0A6300992B81</string>
				<string>FA5A83F61CD1FA800020FE93</string>
				<string>FAF5821A1CD0F05300992B81</string>
			</array>
			<key>isa</key>
			<string>PBXResourcesBuildPhase</string>
			<key>runOnlyForDeploymentPostprocessing</key>
			<string>0</string>
		</dict>
		<key>FAF581C41CCF0A6300992B81</key>
		<dict>
			<key>buildConfigurationList</key>
			<string>FAF581F21CCF0A6300992B81</string>
			<key>buildPhases</key>
			<array>
				<string>CCACC208B1950A58A9D229AE</string>
				<string>FAF581C11CCF0A6300992B81</string>
				<string>FAF581C21CCF0A6300992B81</string>
				<string>FAF581C31CCF0A6300992B81</string>
				<string>185D03C94F5F7E0FD4FEA65A</string>
				<string>630F25C612BCD0EB320FE8FD</string>
			</array>
			<key>buildRules</key>
			<array/>
			<key>dependencies</key>
			<array/>
			<key>isa</key>
			<string>PBXNativeTarget</string>
			<key>name</key>
			<string>MysteryPalaceRaiders</string>
			<key>productName</key>
			<string>MysteryPalaceRaiders</string>
			<key>productReference</key>
			<string>FAF581C51CCF0A6300992B81</string>
			<key>productType</key>
			<string>com.apple.product-type.application</string>
		</dict>
		<key>FAF581C51CCF0A6300992B81</key>
		<dict>
			<key>explicitFileType</key>
			<string>wrapper.application</string>
			<key>includeInIndex</key>
			<string>0</string>
			<key>isa</key>
			<string>PBXFileReference</string>
			<key>path</key>
			<string>MysteryPalaceRaiders.app</string>
			<key>sourceTree</key>
			<string>BUILT_PRODUCTS_DIR</string>
		</dict>
		<key>FAF581C61CCF0A6300992B81</key>
		<dict>
			<key>children</key>
			<array>
				<string>FAF581C51CCF0A6300992B81</string>
				<string>FAF581DE1CCF0A6300992B81</string>
				<string>FAF581E91CCF0A6300992B81</string>
			</array>
			<key>isa</key>
			<string>PBXGroup</string>
			<key>name</key>
			<string>Products</string>
			<key>sourceTree</key>
			<string>&lt;group&gt;</string>
		</dict>
		<key>FAF581C71CCF0A6300992B81</key>
		<dict>
			<key>children</key>
			<array>
				<string>FA5A83F71CD1FE9D0020FE93</string>
				<string>FAF582151CD0F01F00992B81</string>
				<string>FAF582121CD0EB7D00992B81</string>
				<string>FAF581FB1CD0B62500992B81</string>
				<string>FAF582041CD0B62500992B81</string>
				<string>FAF581CB1CCF0A6300992B81</string>
				<string>FAF581CC1CCF0A6300992B81</string>
				<string>FAF581CE1CCF0A6300992B81</string>
				<string>FAF581CF1CCF0A6300992B81</string>
				<string>FAF581D11CCF0A6300992B81</string>
				<string>FAF581D41CCF0A6300992B81</string>
				<string>FAF581D61CCF0A6300992B81</string>
				<string>FAF581D91CCF0A6300992B81</string>
				<string>FAF581C81CCF0A6300992B81</string>
			</array>
			<key>isa</key>
			<string>PBXGroup</string>
			<key>path</key>
			<string>MysteryPalaceRaiders</string>
			<key>sourceTree</key>
			<string>&lt;group&gt;</string>
		</dict>
		<key>FAF581C81CCF0A6300992B81</key>
		<dict>
			<key>children</key>
			<array>
				<string>FAF581C91CCF0A6300992B81</string>
			</array>
			<key>isa</key>
			<string>PBXGroup</string>
			<key>name</key>
			<string>Supporting Files</string>
			<key>sourceTree</key>
			<string>&lt;group&gt;</string>
		</dict>
		<key>FAF581C91CCF0A6300992B81</key>
		<dict>
			<key>isa</key>
			<string>PBXFileReference</string>
			<key>lastKnownFileType</key>
			<string>sourcecode.c.objc</string>
			<key>path</key>
			<string>main.m</string>
			<key>sourceTree</key>
			<string>&lt;group&gt;</string>
		</dict>
		<key>FAF581CA1CCF0A6300992B81</key>
		<dict>
			<key>fileRef</key>
			<string>FAF581C91CCF0A6300992B81</string>
			<key>isa</key>
			<string>PBXBuildFile</string>
		</dict>
		<key>FAF581CB1CCF0A6300992B81</key>
		<dict>
			<key>isa</key>
			<string>PBXFileReference</string>
			<key>lastKnownFileType</key>
			<string>sourcecode.c.h</string>
			<key>path</key>
			<string>AppDelegate.h</string>
			<key>sourceTree</key>
			<string>&lt;group&gt;</string>
		</dict>
		<key>FAF581CC1CCF0A6300992B81</key>
		<dict>
			<key>isa</key>
			<string>PBXFileReference</string>
			<key>lastKnownFileType</key>
			<string>sourcecode.c.objc</string>
			<key>path</key>
			<string>AppDelegate.m</string>
			<key>sourceTree</key>
			<string>&lt;group&gt;</string>
		</dict>
		<key>FAF581CD1CCF0A6300992B81</key>
		<dict>
			<key>fileRef</key>
			<string>FAF581CC1CCF0A6300992B81</string>
			<key>isa</key>
			<string>PBXBuildFile</string>
		</dict>
		<key>FAF581CE1CCF0A6300992B81</key>
		<dict>
			<key>isa</key>
			<string>PBXFileReference</string>
			<key>lastKnownFileType</key>
			<string>sourcecode.c.h</string>
			<key>path</key>
			<string>ViewController.h</string>
			<key>sourceTree</key>
			<string>&lt;group&gt;</string>
		</dict>
		<key>FAF581CF1CCF0A6300992B81</key>
		<dict>
			<key>isa</key>
			<string>PBXFileReference</string>
			<key>lastKnownFileType</key>
			<string>sourcecode.c.objc</string>
			<key>path</key>
			<string>ViewController.m</string>
			<key>sourceTree</key>
			<string>&lt;group&gt;</string>
		</dict>
		<key>FAF581D01CCF0A6300992B81</key>
		<dict>
			<key>fileRef</key>
			<string>FAF581CF1CCF0A6300992B81</string>
			<key>isa</key>
			<string>PBXBuildFile</string>
		</dict>
		<key>FAF581D11CCF0A6300992B81</key>
		<dict>
			<key>children</key>
			<array>
				<string>FAF581D21CCF0A6300992B81</string>
			</array>
			<key>isa</key>
			<string>PBXVariantGroup</string>
			<key>name</key>
			<string>Main.storyboard</string>
			<key>sourceTree</key>
			<string>&lt;group&gt;</string>
		</dict>
		<key>FAF581D21CCF0A6300992B81</key>
		<dict>
			<key>isa</key>
			<string>PBXFileReference</string>
			<key>lastKnownFileType</key>
			<string>file.storyboard</string>
			<key>name</key>
			<string>Base</string>
			<key>path</key>
			<string>Base.lproj/Main.storyboard</string>
			<key>sourceTree</key>
			<string>&lt;group&gt;</string>
		</dict>
		<key>FAF581D31CCF0A6300992B81</key>
		<dict>
			<key>fileRef</key>
			<string>FAF581D11CCF0A6300992B81</string>
			<key>isa</key>
			<string>PBXBuildFile</string>
		</dict>
		<key>FAF581D41CCF0A6300992B81</key>
		<dict>
			<key>isa</key>
			<string>PBXFileReference</string>
			<key>lastKnownFileType</key>
			<string>folder.assetcatalog</string>
			<key>path</key>
			<string>Assets.xcassets</string>
			<key>sourceTree</key>
			<string>&lt;group&gt;</string>
		</dict>
		<key>FAF581D51CCF0A6300992B81</key>
		<dict>
			<key>fileRef</key>
			<string>FAF581D41CCF0A6300992B81</string>
			<key>isa</key>
			<string>PBXBuildFile</string>
		</dict>
		<key>FAF581D61CCF0A6300992B81</key>
		<dict>
			<key>children</key>
			<array>
				<string>FAF581D71CCF0A6300992B81</string>
			</array>
			<key>isa</key>
			<string>PBXVariantGroup</string>
			<key>name</key>
			<string>LaunchScreen.storyboard</string>
			<key>sourceTree</key>
			<string>&lt;group&gt;</string>
		</dict>
		<key>FAF581D71CCF0A6300992B81</key>
		<dict>
			<key>isa</key>
			<string>PBXFileReference</string>
			<key>lastKnownFileType</key>
			<string>file.storyboard</string>
			<key>name</key>
			<string>Base</string>
			<key>path</key>
			<string>Base.lproj/LaunchScreen.storyboard</string>
			<key>sourceTree</key>
			<string>&lt;group&gt;</string>
		</dict>
		<key>FAF581D81CCF0A6300992B81</key>
		<dict>
			<key>fileRef</key>
			<string>FAF581D61CCF0A6300992B81</string>
			<key>isa</key>
			<string>PBXBuildFile</string>
		</dict>
		<key>FAF581D91CCF0A6300992B81</key>
		<dict>
			<key>isa</key>
			<string>PBXFileReference</string>
			<key>lastKnownFileType</key>
			<string>text.plist.xml</string>
			<key>path</key>
			<string>Info.plist</string>
			<key>sourceTree</key>
			<string>&lt;group&gt;</string>
		</dict>
		<key>FAF581DA1CCF0A6300992B81</key>
		<dict>
			<key>buildActionMask</key>
			<string>2147483647</string>
			<key>files</key>
			<array>
				<string>FAF581E31CCF0A6300992B81</string>
			</array>
			<key>isa</key>
			<string>PBXSourcesBuildPhase</string>
			<key>runOnlyForDeploymentPostprocessing</key>
			<string>0</string>
		</dict>
		<key>FAF581DB1CCF0A6300992B81</key>
		<dict>
			<key>buildActionMask</key>
			<string>2147483647</string>
			<key>files</key>
			<array/>
			<key>isa</key>
			<string>PBXFrameworksBuildPhase</string>
			<key>runOnlyForDeploymentPostprocessing</key>
			<string>0</string>
		</dict>
		<key>FAF581DC1CCF0A6300992B81</key>
		<dict>
			<key>buildActionMask</key>
			<string>2147483647</string>
			<key>files</key>
			<array/>
			<key>isa</key>
			<string>PBXResourcesBuildPhase</string>
			<key>runOnlyForDeploymentPostprocessing</key>
			<string>0</string>
		</dict>
		<key>FAF581DD1CCF0A6300992B81</key>
		<dict>
			<key>buildConfigurationList</key>
			<string>FAF581F51CCF0A6300992B81</string>
			<key>buildPhases</key>
			<array>
				<string>FAF581DA1CCF0A6300992B81</string>
				<string>FAF581DB1CCF0A6300992B81</string>
				<string>FAF581DC1CCF0A6300992B81</string>
			</array>
			<key>buildRules</key>
			<array/>
			<key>dependencies</key>
			<array>
				<string>FAF581E01CCF0A6300992B81</string>
			</array>
			<key>isa</key>
			<string>PBXNativeTarget</string>
			<key>name</key>
			<string>MysteryPalaceRaidersTests</string>
			<key>productName</key>
			<string>MysteryPalaceRaidersTests</string>
			<key>productReference</key>
			<string>FAF581DE1CCF0A6300992B81</string>
			<key>productType</key>
			<string>com.apple.product-type.bundle.unit-test</string>
		</dict>
		<key>FAF581DE1CCF0A6300992B81</key>
		<dict>
			<key>explicitFileType</key>
			<string>wrapper.cfbundle</string>
			<key>includeInIndex</key>
			<string>0</string>
			<key>isa</key>
			<string>PBXFileReference</string>
			<key>path</key>
			<string>MysteryPalaceRaidersTests.xctest</string>
			<key>sourceTree</key>
			<string>BUILT_PRODUCTS_DIR</string>
		</dict>
		<key>FAF581DF1CCF0A6300992B81</key>
		<dict>
			<key>containerPortal</key>
			<string>FAF581BD1CCF0A6300992B81</string>
			<key>isa</key>
			<string>PBXContainerItemProxy</string>
			<key>proxyType</key>
			<string>1</string>
			<key>remoteGlobalIDString</key>
			<string>FAF581C41CCF0A6300992B81</string>
			<key>remoteInfo</key>
			<string>MysteryPalaceRaiders</string>
		</dict>
		<key>FAF581E01CCF0A6300992B81</key>
		<dict>
			<key>isa</key>
			<string>PBXTargetDependency</string>
			<key>target</key>
			<string>FAF581C41CCF0A6300992B81</string>
			<key>targetProxy</key>
			<string>FAF581DF1CCF0A6300992B81</string>
		</dict>
		<key>FAF581E11CCF0A6300992B81</key>
		<dict>
			<key>children</key>
			<array>
				<string>FAF581E21CCF0A6300992B81</string>
				<string>FAF581E41CCF0A6300992B81</string>
			</array>
			<key>isa</key>
			<string>PBXGroup</string>
			<key>path</key>
			<string>MysteryPalaceRaidersTests</string>
			<key>sourceTree</key>
			<string>&lt;group&gt;</string>
		</dict>
		<key>FAF581E21CCF0A6300992B81</key>
		<dict>
			<key>isa</key>
			<string>PBXFileReference</string>
			<key>lastKnownFileType</key>
			<string>sourcecode.c.objc</string>
			<key>path</key>
			<string>MysteryPalaceRaidersTests.m</string>
			<key>sourceTree</key>
			<string>&lt;group&gt;</string>
		</dict>
		<key>FAF581E31CCF0A6300992B81</key>
		<dict>
			<key>fileRef</key>
			<string>FAF581E21CCF0A6300992B81</string>
			<key>isa</key>
			<string>PBXBuildFile</string>
		</dict>
		<key>FAF581E41CCF0A6300992B81</key>
		<dict>
			<key>isa</key>
			<string>PBXFileReference</string>
			<key>lastKnownFileType</key>
			<string>text.plist.xml</string>
			<key>path</key>
			<string>Info.plist</string>
			<key>sourceTree</key>
			<string>&lt;group&gt;</string>
		</dict>
		<key>FAF581E51CCF0A6300992B81</key>
		<dict>
			<key>buildActionMask</key>
			<string>2147483647</string>
			<key>files</key>
			<array>
				<string>FAF581EE1CCF0A6300992B81</string>
			</array>
			<key>isa</key>
			<string>PBXSourcesBuildPhase</string>
			<key>runOnlyForDeploymentPostprocessing</key>
			<string>0</string>
		</dict>
		<key>FAF581E61CCF0A6300992B81</key>
		<dict>
			<key>buildActionMask</key>
			<string>2147483647</string>
			<key>files</key>
			<array/>
			<key>isa</key>
			<string>PBXFrameworksBuildPhase</string>
			<key>runOnlyForDeploymentPostprocessing</key>
			<string>0</string>
		</dict>
		<key>FAF581E71CCF0A6300992B81</key>
		<dict>
			<key>buildActionMask</key>
			<string>2147483647</string>
			<key>files</key>
			<array/>
			<key>isa</key>
			<string>PBXResourcesBuildPhase</string>
			<key>runOnlyForDeploymentPostprocessing</key>
			<string>0</string>
		</dict>
		<key>FAF581E81CCF0A6300992B81</key>
		<dict>
			<key>buildConfigurationList</key>
			<string>FAF581F81CCF0A6300992B81</string>
			<key>buildPhases</key>
			<array>
				<string>FAF581E51CCF0A6300992B81</string>
				<string>FAF581E61CCF0A6300992B81</string>
				<string>FAF581E71CCF0A6300992B81</string>
			</array>
			<key>buildRules</key>
			<array/>
			<key>dependencies</key>
			<array>
				<string>FAF581EB1CCF0A6300992B81</string>
			</array>
			<key>isa</key>
			<string>PBXNativeTarget</string>
			<key>name</key>
			<string>MysteryPalaceRaidersUITests</string>
			<key>productName</key>
			<string>MysteryPalaceRaidersUITests</string>
			<key>productReference</key>
			<string>FAF581E91CCF0A6300992B81</string>
			<key>productType</key>
			<string>com.apple.product-type.bundle.ui-testing</string>
		</dict>
		<key>FAF581E91CCF0A6300992B81</key>
		<dict>
			<key>explicitFileType</key>
			<string>wrapper.cfbundle</string>
			<key>includeInIndex</key>
			<string>0</string>
			<key>isa</key>
			<string>PBXFileReference</string>
			<key>path</key>
			<string>MysteryPalaceRaidersUITests.xctest</string>
			<key>sourceTree</key>
			<string>BUILT_PRODUCTS_DIR</string>
		</dict>
		<key>FAF581EA1CCF0A6300992B81</key>
		<dict>
			<key>containerPortal</key>
			<string>FAF581BD1CCF0A6300992B81</string>
			<key>isa</key>
			<string>PBXContainerItemProxy</string>
			<key>proxyType</key>
			<string>1</string>
			<key>remoteGlobalIDString</key>
			<string>FAF581C41CCF0A6300992B81</string>
			<key>remoteInfo</key>
			<string>MysteryPalaceRaiders</string>
		</dict>
		<key>FAF581EB1CCF0A6300992B81</key>
		<dict>
			<key>isa</key>
			<string>PBXTargetDependency</string>
			<key>target</key>
			<string>FAF581C41CCF0A6300992B81</string>
			<key>targetProxy</key>
			<string>FAF581EA1CCF0A6300992B81</string>
		</dict>
		<key>FAF581EC1CCF0A6300992B81</key>
		<dict>
			<key>children</key>
			<array>
				<string>FAF581ED1CCF0A6300992B81</string>
				<string>FAF581EF1CCF0A6300992B81</string>
			</array>
			<key>isa</key>
			<string>PBXGroup</string>
			<key>path</key>
			<string>MysteryPalaceRaidersUITests</string>
			<key>sourceTree</key>
			<string>&lt;group&gt;</string>
		</dict>
		<key>FAF581ED1CCF0A6300992B81</key>
		<dict>
			<key>isa</key>
			<string>PBXFileReference</string>
			<key>lastKnownFileType</key>
			<string>sourcecode.c.objc</string>
			<key>path</key>
			<string>MysteryPalaceRaidersUITests.m</string>
			<key>sourceTree</key>
			<string>&lt;group&gt;</string>
		</dict>
		<key>FAF581EE1CCF0A6300992B81</key>
		<dict>
			<key>fileRef</key>
			<string>FAF581ED1CCF0A6300992B81</string>
			<key>isa</key>
			<string>PBXBuildFile</string>
		</dict>
		<key>FAF581EF1CCF0A6300992B81</key>
		<dict>
			<key>isa</key>
			<string>PBXFileReference</string>
			<key>lastKnownFileType</key>
			<string>text.plist.xml</string>
			<key>path</key>
			<string>Info.plist</string>
			<key>sourceTree</key>
			<string>&lt;group&gt;</string>
		</dict>
		<key>FAF581F01CCF0A6300992B81</key>
		<dict>
			<key>buildSettings</key>
			<dict>
				<key>ALWAYS_SEARCH_USER_PATHS</key>
				<string>NO</string>
				<key>CLANG_ANALYZER_NONNULL</key>
				<string>YES</string>
				<key>CLANG_CXX_LANGUAGE_STANDARD</key>
				<string>gnu++0x</string>
				<key>CLANG_CXX_LIBRARY</key>
				<string>libc++</string>
				<key>CLANG_ENABLE_MODULES</key>
				<string>YES</string>
				<key>CLANG_ENABLE_OBJC_ARC</key>
				<string>YES</string>
				<key>CLANG_WARN_BOOL_CONVERSION</key>
				<string>YES</string>
				<key>CLANG_WARN_CONSTANT_CONVERSION</key>
				<string>YES</string>
				<key>CLANG_WARN_DIRECT_OBJC_ISA_USAGE</key>
				<string>YES_ERROR</string>
				<key>CLANG_WARN_EMPTY_BODY</key>
				<string>YES</string>
				<key>CLANG_WARN_ENUM_CONVERSION</key>
				<string>YES</string>
				<key>CLANG_WARN_INT_CONVERSION</key>
				<string>YES</string>
				<key>CLANG_WARN_OBJC_ROOT_CLASS</key>
				<string>YES_ERROR</string>
				<key>CLANG_WARN_UNREACHABLE_CODE</key>
				<string>YES</string>
				<key>CLANG_WARN__DUPLICATE_METHOD_MATCH</key>
				<string>YES</string>
				<key>CODE_SIGN_IDENTITY[sdk=iphoneos*]</key>
				<string>iPhone Developer</string>
				<key>COPY_PHASE_STRIP</key>
				<string>NO</string>
				<key>DEBUG_INFORMATION_FORMAT</key>
				<string>dwarf</string>
				<key>ENABLE_STRICT_OBJC_MSGSEND</key>
				<string>YES</string>
				<key>ENABLE_TESTABILITY</key>
				<string>YES</string>
				<key>GCC_C_LANGUAGE_STANDARD</key>
				<string>gnu99</string>
				<key>GCC_DYNAMIC_NO_PIC</key>
				<string>NO</string>
				<key>GCC_NO_COMMON_BLOCKS</key>
				<string>YES</string>
				<key>GCC_OPTIMIZATION_LEVEL</key>
				<string>0</string>
				<key>GCC_PREPROCESSOR_DEFINITIONS</key>
				<array>
					<string>DEBUG=1</string>
					<string>$(inherited)</string>
				</array>
				<key>GCC_WARN_64_TO_32_BIT_CONVERSION</key>
				<string>YES</string>
				<key>GCC_WARN_ABOUT_RETURN_TYPE</key>
				<string>YES_ERROR</string>
				<key>GCC_WARN_UNDECLARED_SELECTOR</key>
				<string>YES</string>
				<key>GCC_WARN_UNINITIALIZED_AUTOS</key>
				<string>YES_AGGRESSIVE</string>
				<key>GCC_WARN_UNUSED_FUNCTION</key>
				<string>YES</string>
				<key>GCC_WARN_UNUSED_VARIABLE</key>
				<string>YES</string>
				<key>IPHONEOS_DEPLOYMENT_TARGET</key>
				<string>9.3</string>
				<key>MTL_ENABLE_DEBUG_INFO</key>
				<string>YES</string>
				<key>ONLY_ACTIVE_ARCH</key>
				<string>YES</string>
				<key>SDKROOT</key>
				<string>iphoneos</string>
				<key>TARGETED_DEVICE_FAMILY</key>
				<string>1,2</string>
			</dict>
			<key>isa</key>
			<string>XCBuildConfiguration</string>
			<key>name</key>
			<string>Debug</string>
		</dict>
		<key>FAF581F11CCF0A6300992B81</key>
		<dict>
			<key>buildSettings</key>
			<dict>
				<key>ALWAYS_SEARCH_USER_PATHS</key>
				<string>NO</string>
				<key>CLANG_ANALYZER_NONNULL</key>
				<string>YES</string>
				<key>CLANG_CXX_LANGUAGE_STANDARD</key>
				<string>gnu++0x</string>
				<key>CLANG_CXX_LIBRARY</key>
				<string>libc++</string>
				<key>CLANG_ENABLE_MODULES</key>
				<string>YES</string>
				<key>CLANG_ENABLE_OBJC_ARC</key>
				<string>YES</string>
				<key>CLANG_WARN_BOOL_CONVERSION</key>
				<string>YES</string>
				<key>CLANG_WARN_CONSTANT_CONVERSION</key>
				<string>YES</string>
				<key>CLANG_WARN_DIRECT_OBJC_ISA_USAGE</key>
				<string>YES_ERROR</string>
				<key>CLANG_WARN_EMPTY_BODY</key>
				<string>YES</string>
				<key>CLANG_WARN_ENUM_CONVERSION</key>
				<string>YES</string>
				<key>CLANG_WARN_INT_CONVERSION</key>
				<string>YES</string>
				<key>CLANG_WARN_OBJC_ROOT_CLASS</key>
				<string>YES_ERROR</string>
				<key>CLANG_WARN_UNREACHABLE_CODE</key>
				<string>YES</string>
				<key>CLANG_WARN__DUPLICATE_METHOD_MATCH</key>
				<string>YES</string>
				<key>CODE_SIGN_IDENTITY[sdk=iphoneos*]</key>
				<string>iPhone Developer</string>
				<key>COPY_PHASE_STRIP</key>
				<string>NO</string>
				<key>DEBUG_INFORMATION_FORMAT</key>
				<string>dwarf-with-dsym</string>
				<key>ENABLE_NS_ASSERTIONS</key>
				<string>NO</string>
				<key>ENABLE_STRICT_OBJC_MSGSEND</key>
				<string>YES</string>
				<key>GCC_C_LANGUAGE_STANDARD</key>
				<string>gnu99</string>
				<key>GCC_NO_COMMON_BLOCKS</key>
				<string>YES</string>
				<key>GCC_WARN_64_TO_32_BIT_CONVERSION</key>
				<string>YES</string>
				<key>GCC_WARN_ABOUT_RETURN_TYPE</key>
				<string>YES_ERROR</string>
				<key>GCC_WARN_UNDECLARED_SELECTOR</key>
				<string>YES</string>
				<key>GCC_WARN_UNINITIALIZED_AUTOS</key>
				<string>YES_AGGRESSIVE</string>
				<key>GCC_WARN_UNUSED_FUNCTION</key>
				<string>YES</string>
				<key>GCC_WARN_UNUSED_VARIABLE</key>
				<string>YES</string>
				<key>IPHONEOS_DEPLOYMENT_TARGET</key>
				<string>9.3</string>
				<key>MTL_ENABLE_DEBUG_INFO</key>
				<string>NO</string>
				<key>SDKROOT</key>
				<string>iphoneos</string>
				<key>TARGETED_DEVICE_FAMILY</key>
				<string>1,2</string>
				<key>VALIDATE_PRODUCT</key>
				<string>YES</string>
			</dict>
			<key>isa</key>
			<string>XCBuildConfiguration</string>
			<key>name</key>
			<string>Release</string>
		</dict>
		<key>FAF581F21CCF0A6300992B81</key>
		<dict>
			<key>buildConfigurations</key>
			<array>
				<string>FAF581F31CCF0A6300992B81</string>
				<string>FAF581F41CCF0A6300992B81</string>
			</array>
			<key>defaultConfigurationIsVisible</key>
			<string>0</string>
			<key>defaultConfigurationName</key>
			<string>Release</string>
			<key>isa</key>
			<string>XCConfigurationList</string>
		</dict>
		<key>FAF581F31CCF0A6300992B81</key>
		<dict>
			<key>baseConfigurationReference</key>
			<string>AA23AD1EBA076B6178E471AA</string>
			<key>buildSettings</key>
			<dict>
				<key>ASSETCATALOG_COMPILER_APPICON_NAME</key>
				<string>AppIcon</string>
				<key>GCC_PREFIX_HEADER</key>
				<string>/Users/leiziyun/Documents/MysteryPalaceRaiders/MysteryPalaceRaiders/Config/PrefixHeader.pch</string>
				<key>INFOPLIST_FILE</key>
				<string>MysteryPalaceRaiders/Info.plist</string>
				<key>LD_RUNPATH_SEARCH_PATHS</key>
				<string>$(inherited) @executable_path/Frameworks</string>
				<key>PRODUCT_BUNDLE_IDENTIFIER</key>
				<string>com.jordan.mysterypalace.MysteryPalaceRaiders</string>
				<key>PRODUCT_NAME</key>
				<string>$(TARGET_NAME)</string>
			</dict>
			<key>isa</key>
			<string>XCBuildConfiguration</string>
			<key>name</key>
			<string>Debug</string>
		</dict>
		<key>FAF581F41CCF0A6300992B81</key>
		<dict>
			<key>baseConfigurationReference</key>
			<string>60A566244E51BC6B84BF6CBD</string>
			<key>buildSettings</key>
			<dict>
				<key>ASSETCATALOG_COMPILER_APPICON_NAME</key>
				<string>AppIcon</string>
				<key>GCC_PREFIX_HEADER</key>
				<string>/Users/leiziyun/Documents/MysteryPalaceRaiders/MysteryPalaceRaiders/Config/PrefixHeader.pch</string>
				<key>INFOPLIST_FILE</key>
				<string>MysteryPalaceRaiders/Info.plist</string>
				<key>LD_RUNPATH_SEARCH_PATHS</key>
				<string>$(inherited) @executable_path/Frameworks</string>
				<key>PRODUCT_BUNDLE_IDENTIFIER</key>
				<string>com.jordan.mysterypalace.MysteryPalaceRaiders</string>
				<key>PRODUCT_NAME</key>
				<string>$(TARGET_NAME)</string>
			</dict>
			<key>isa</key>
			<string>XCBuildConfiguration</string>
			<key>name</key>
			<string>Release</string>
		</dict>
		<key>FAF581F51CCF0A6300992B81</key>
		<dict>
			<key>buildConfigurations</key>
			<array>
				<string>FAF581F61CCF0A6300992B81</string>
				<string>FAF581F71CCF0A6300992B81</string>
			</array>
			<key>defaultConfigurationIsVisible</key>
			<string>0</string>
			<key>defaultConfigurationName</key>
			<string>Release</string>
			<key>isa</key>
			<string>XCConfigurationList</string>
		</dict>
		<key>FAF581F61CCF0A6300992B81</key>
		<dict>
			<key>buildSettings</key>
			<dict>
				<key>BUNDLE_LOADER</key>
				<string>$(TEST_HOST)</string>
				<key>INFOPLIST_FILE</key>
				<string>MysteryPalaceRaidersTests/Info.plist</string>
				<key>LD_RUNPATH_SEARCH_PATHS</key>
				<string>$(inherited) @executable_path/Frameworks @loader_path/Frameworks</string>
				<key>PRODUCT_BUNDLE_IDENTIFIER</key>
				<string>com.jordan.mysterypalace.MysteryPalaceRaidersTests</string>
				<key>PRODUCT_NAME</key>
				<string>$(TARGET_NAME)</string>
				<key>TEST_HOST</key>
				<string>$(BUILT_PRODUCTS_DIR)/MysteryPalaceRaiders.app/MysteryPalaceRaiders</string>
			</dict>
			<key>isa</key>
			<string>XCBuildConfiguration</string>
			<key>name</key>
			<string>Debug</string>
		</dict>
		<key>FAF581F71CCF0A6300992B81</key>
		<dict>
			<key>buildSettings</key>
			<dict>
				<key>BUNDLE_LOADER</key>
				<string>$(TEST_HOST)</string>
				<key>INFOPLIST_FILE</key>
				<string>MysteryPalaceRaidersTests/Info.plist</string>
				<key>LD_RUNPATH_SEARCH_PATHS</key>
				<string>$(inherited) @executable_path/Frameworks @loader_path/Frameworks</string>
				<key>PRODUCT_BUNDLE_IDENTIFIER</key>
				<string>com.jordan.mysterypalace.MysteryPalaceRaidersTests</string>
				<key>PRODUCT_NAME</key>
				<string>$(TARGET_NAME)</string>
				<key>TEST_HOST</key>
				<string>$(BUILT_PRODUCTS_DIR)/MysteryPalaceRaiders.app/MysteryPalaceRaiders</string>
			</dict>
			<key>isa</key>
			<string>XCBuildConfiguration</string>
			<key>name</key>
			<string>Release</string>
		</dict>
		<key>FAF581F81CCF0A6300992B81</key>
		<dict>
			<key>buildConfigurations</key>
			<array>
				<string>FAF581F91CCF0A6300992B81</string>
				<string>FAF581FA1CCF0A6300992B81</string>
			</array>
			<key>defaultConfigurationIsVisible</key>
			<string>0</string>
			<key>defaultConfigurationName</key>
			<string>Release</string>
			<key>isa</key>
			<string>XCConfigurationList</string>
		</dict>
		<key>FAF581F91CCF0A6300992B81</key>
		<dict>
			<key>buildSettings</key>
			<dict>
				<key>INFOPLIST_FILE</key>
				<string>MysteryPalaceRaidersUITests/Info.plist</string>
				<key>LD_RUNPATH_SEARCH_PATHS</key>
				<string>$(inherited) @executable_path/Frameworks @loader_path/Frameworks</string>
				<key>PRODUCT_BUNDLE_IDENTIFIER</key>
				<string>com.jordan.mysterypalace.MysteryPalaceRaidersUITests</string>
				<key>PRODUCT_NAME</key>
				<string>$(TARGET_NAME)</string>
				<key>TEST_TARGET_NAME</key>
				<string>MysteryPalaceRaiders</string>
			</dict>
			<key>isa</key>
			<string>XCBuildConfiguration</string>
			<key>name</key>
			<string>Debug</string>
		</dict>
		<key>FAF581FA1CCF0A6300992B81</key>
		<dict>
			<key>buildSettings</key>
			<dict>
				<key>INFOPLIST_FILE</key>
				<string>MysteryPalaceRaidersUITests/Info.plist</string>
				<key>LD_RUNPATH_SEARCH_PATHS</key>
				<string>$(inherited) @executable_path/Frameworks @loader_path/Frameworks</string>
				<key>PRODUCT_BUNDLE_IDENTIFIER</key>
				<string>com.jordan.mysterypalace.MysteryPalaceRaidersUITests</string>
				<key>PRODUCT_NAME</key>
				<string>$(TARGET_NAME)</string>
				<key>TEST_TARGET_NAME</key>
				<string>MysteryPalaceRaiders</string>
			</dict>
			<key>isa</key>
			<string>XCBuildConfiguration</string>
			<key>name</key>
			<string>Release</string>
		</dict>
		<key>FAF581FB1CD0B62500992B81</key>
		<dict>
			<key>children</key>
			<array>
				<string>FAF581FC1CD0B62500992B81</string>
				<string>FAF581FD1CD0B62500992B81</string>
				<string>FAF581FE1CD0B62500992B81</string>
				<string>FAF581FF1CD0B62500992B81</string>
				<string>FAF582001CD0B62500992B81</string>
				<string>FAF582011CD0B62500992B81</string>
				<string>FAF582021CD0B62500992B81</string>
				<string>FAF582031CD0B62500992B81</string>
				<string>FA5A83F21CD1FA800020FE93</string>
				<string>FA5A83F31CD1FA800020FE93</string>
				<string>FA5A83F41CD1FA800020FE93</string>
			</array>
			<key>isa</key>
			<string>PBXGroup</string>
			<key>path</key>
			<string>Controllers</string>
			<key>sourceTree</key>
			<string>&lt;group&gt;</string>
		</dict>
		<key>FAF581FC1CD0B62500992B81</key>
		<dict>
			<key>fileEncoding</key>
			<string>4</string>
			<key>isa</key>
			<string>PBXFileReference</string>
			<key>lastKnownFileType</key>
			<string>sourcecode.c.h</string>
			<key>path</key>
			<string>DEMOFirstViewController.h</string>
			<key>sourceTree</key>
			<string>&lt;group&gt;</string>
		</dict>
		<key>FAF581FD1CD0B62500992B81</key>
		<dict>
			<key>fileEncoding</key>
			<string>4</string>
			<key>isa</key>
			<string>PBXFileReference</string>
			<key>lastKnownFileType</key>
			<string>sourcecode.c.objc</string>
			<key>path</key>
			<string>DEMOFirstViewController.m</string>
			<key>sourceTree</key>
			<string>&lt;group&gt;</string>
		</dict>
		<key>FAF581FE1CD0B62500992B81</key>
		<dict>
			<key>fileEncoding</key>
			<string>4</string>
			<key>isa</key>
			<string>PBXFileReference</string>
			<key>lastKnownFileType</key>
			<string>sourcecode.c.h</string>
			<key>path</key>
			<string>DEMOLeftMenuViewController.h</string>
			<key>sourceTree</key>
			<string>&lt;group&gt;</string>
		</dict>
		<key>FAF581FF1CD0B62500992B81</key>
		<dict>
			<key>fileEncoding</key>
			<string>4</string>
			<key>isa</key>
			<string>PBXFileReference</string>
			<key>lastKnownFileType</key>
			<string>sourcecode.c.objc</string>
			<key>path</key>
			<string>DEMOLeftMenuViewController.m</string>
			<key>sourceTree</key>
			<string>&lt;group&gt;</string>
		</dict>
		<key>FAF582001CD0B62500992B81</key>
		<dict>
			<key>fileEncoding</key>
			<string>4</string>
			<key>isa</key>
			<string>PBXFileReference</string>
			<key>lastKnownFileType</key>
			<string>sourcecode.c.h</string>
			<key>path</key>
			<string>DEMORightMenuViewController.h</string>
			<key>sourceTree</key>
			<string>&lt;group&gt;</string>
		</dict>
		<key>FAF582011CD0B62500992B81</key>
		<dict>
			<key>fileEncoding</key>
			<string>4</string>
			<key>isa</key>
			<string>PBXFileReference</string>
			<key>lastKnownFileType</key>
			<string>sourcecode.c.objc</string>
			<key>path</key>
			<string>DEMORightMenuViewController.m</string>
			<key>sourceTree</key>
			<string>&lt;group&gt;</string>
		</dict>
		<key>FAF582021CD0B62500992B81</key>
		<dict>
			<key>fileEncoding</key>
			<string>4</string>
			<key>isa</key>
			<string>PBXFileReference</string>
			<key>lastKnownFileType</key>
			<string>sourcecode.c.h</string>
			<key>path</key>
			<string>DEMOSecondViewController.h</string>
			<key>sourceTree</key>
			<string>&lt;group&gt;</string>
		</dict>
		<key>FAF582031CD0B62500992B81</key>
		<dict>
			<key>fileEncoding</key>
			<string>4</string>
			<key>isa</key>
			<string>PBXFileReference</string>
			<key>lastKnownFileType</key>
			<string>sourcecode.c.objc</string>
			<key>path</key>
			<string>DEMOSecondViewController.m</string>
			<key>sourceTree</key>
			<string>&lt;group&gt;</string>
		</dict>
		<key>FAF582041CD0B62500992B81</key>
		<dict>
			<key>children</key>
			<array>
				<string>FAF582051CD0B62500992B81</string>
				<string>FAF582061CD0B62500992B81</string>
				<string>FAF582071CD0B62500992B81</string>
				<string>FAF582081CD0B62500992B81</string>
				<string>FAF582091CD0B62500992B81</string>
				<string>FAF5820A1CD0B62500992B81</string>
			</array>
			<key>isa</key>
			<string>PBXGroup</string>
			<key>path</key>
			<string>Menu</string>
			<key>sourceTree</key>
			<string>&lt;group&gt;</string>
		</dict>
		<key>FAF582051CD0B62500992B81</key>
		<dict>
			<key>fileEncoding</key>
			<string>4</string>
			<key>isa</key>
			<string>PBXFileReference</string>
			<key>lastKnownFileType</key>
			<string>sourcecode.c.h</string>
			<key>path</key>
			<string>RECommonFunctions.h</string>
			<key>sourceTree</key>
			<string>&lt;group&gt;</string>
		</dict>
		<key>FAF582061CD0B62500992B81</key>
		<dict>
			<key>fileEncoding</key>
			<string>4</string>
			<key>isa</key>
			<string>PBXFileReference</string>
			<key>lastKnownFileType</key>
			<string>sourcecode.c.objc</string>
			<key>path</key>
			<string>RECommonFunctions.m</string>
			<key>sourceTree</key>
			<string>&lt;group&gt;</string>
		</dict>
		<key>FAF582071CD0B62500992B81</key>
		<dict>
			<key>fileEncoding</key>
			<string>4</string>
			<key>isa</key>
			<string>PBXFileReference</string>
			<key>lastKnownFileType</key>
			<string>sourcecode.c.h</string>
			<key>path</key>
			<string>RESideMenu.h</string>
			<key>sourceTree</key>
			<string>&lt;group&gt;</string>
		</dict>
		<key>FAF582081CD0B62500992B81</key>
		<dict>
			<key>fileEncoding</key>
			<string>4</string>
			<key>isa</key>
			<string>PBXFileReference</string>
			<key>lastKnownFileType</key>
			<string>sourcecode.c.objc</string>
			<key>path</key>
			<string>RESideMenu.m</string>
			<key>sourceTree</key>
			<string>&lt;group&gt;</string>
		</dict>
		<key>FAF582091CD0B62500992B81</key>
		<dict>
			<key>fileEncoding</key>
			<string>4</string>
			<key>isa</key>
			<string>PBXFileReference</string>
			<key>lastKnownFileType</key>
			<string>sourcecode.c.h</string>
			<key>path</key>
			<string>UIViewController+RESideMenu.h</string>
			<key>sourceTree</key>
			<string>&lt;group&gt;</string>
		</dict>
		<key>FAF5820A1CD0B62500992B81</key>
		<dict>
			<key>fileEncoding</key>
			<string>4</string>
			<key>isa</key>
			<string>PBXFileReference</string>
			<key>lastKnownFileType</key>
			<string>sourcecode.c.objc</string>
			<key>path</key>
			<string>UIViewController+RESideMenu.m</string>
			<key>sourceTree</key>
			<string>&lt;group&gt;</string>
		</dict>
		<key>FAF5820B1CD0B62500992B81</key>
		<dict>
			<key>fileRef</key>
			<string>FAF581FD1CD0B62500992B81</string>
			<key>isa</key>
			<string>PBXBuildFile</string>
		</dict>
		<key>FAF5820C1CD0B62500992B81</key>
		<dict>
			<key>fileRef</key>
			<string>FAF581FF1CD0B62500992B81</string>
			<key>isa</key>
			<string>PBXBuildFile</string>
		</dict>
		<key>FAF5820D1CD0B62500992B81</key>
		<dict>
			<key>fileRef</key>
			<string>FAF582011CD0B62500992B81</string>
			<key>isa</key>
			<string>PBXBuildFile</string>
		</dict>
		<key>FAF5820E1CD0B62500992B81</key>
		<dict>
			<key>fileRef</key>
			<string>FAF582031CD0B62500992B81</string>
			<key>isa</key>
			<string>PBXBuildFile</string>
		</dict>
		<key>FAF5820F1CD0B62500992B81</key>
		<dict>
			<key>fileRef</key>
			<string>FAF582061CD0B62500992B81</string>
			<key>isa</key>
			<string>PBXBuildFile</string>
		</dict>
		<key>FAF582101CD0B62500992B81</key>
		<dict>
			<key>fileRef</key>
			<string>FAF582081CD0B62500992B81</string>
			<key>isa</key>
			<string>PBXBuildFile</string>
		</dict>
		<key>FAF582111CD0B62500992B81</key>
		<dict>
			<key>fileRef</key>
			<string>FAF5820A1CD0B62500992B81</string>
			<key>isa</key>
			<string>PBXBuildFile</string>
		</dict>
		<key>FAF582121CD0EB7D00992B81</key>
		<dict>
			<key>children</key>
			<array>
				<string>FAF582141CD0EC4400992B81</string>
				<string>FAF582131CD0EB8C00992B81</string>
			</array>
			<key>isa</key>
			<string>PBXGroup</string>
			<key>path</key>
			<string>Config</string>
			<key>sourceTree</key>
			<string>&lt;group&gt;</string>
		</dict>
		<key>FAF582131CD0EB8C00992B81</key>
		<dict>
			<key>fileEncoding</key>
			<string>4</string>
			<key>isa</key>
			<string>PBXFileReference</string>
			<key>lastKnownFileType</key>
			<string>sourcecode.c.h</string>
			<key>path</key>
			<string>Common.h</string>
			<key>sourceTree</key>
			<string>&lt;group&gt;</string>
		</dict>
		<key>FAF582141CD0EC4400992B81</key>
		<dict>
			<key>isa</key>
			<string>PBXFileReference</string>
			<key>lastKnownFileType</key>
			<string>sourcecode.c.h</string>
			<key>path</key>
			<string>PrefixHeader.pch</string>
			<key>sourceTree</key>
			<string>&lt;group&gt;</string>
		</dict>
		<key>FAF582151CD0F01F00992B81</key>
		<dict>
			<key>children</key>
			<array>
				<string>FAF582161CD0F05300992B81</string>
				<string>FAF582171CD0F05300992B81</string>
				<string>FAF582181CD0F05300992B81</string>
				<string>FA5A83FB1CD201ED0020FE93</string>
				<string>FA5A83FC1CD201ED0020FE93</string>
				<string>FA5A83FD1CD201ED0020FE93</string>
			</array>
			<key>isa</key>
			<string>PBXGroup</string>
			<key>path</key>
			<string>Cells</string>
			<key>sourceTree</key>
			<string>&lt;group&gt;</string>
		</dict>
		<key>FAF582161CD0F05300992B81</key>
		<dict>
			<key>fileEncoding</key>
			<string>4</string>
			<key>isa</key>
			<string>PBXFileReference</string>
			<key>lastKnownFileType</key>
			<string>sourcecode.c.h</string>
			<key>path</key>
			<string>CheatsListCell.h</string>
			<key>sourceTree</key>
			<string>&lt;group&gt;</string>
		</dict>
		<key>FAF582171CD0F05300992B81</key>
		<dict>
			<key>fileEncoding</key>
			<string>4</string>
			<key>isa</key>
			<string>PBXFileReference</string>
			<key>lastKnownFileType</key>
			<string>sourcecode.c.objc</string>
			<key>path</key>
			<string>CheatsListCell.m</string>
			<key>sourceTree</key>
			<string>&lt;group&gt;</string>
		</dict>
		<key>FAF582181CD0F05300992B81</key>
		<dict>
			<key>fileEncoding</key>
			<string>4</string>
			<key>isa</key>
			<string>PBXFileReference</string>
			<key>lastKnownFileType</key>
			<string>file.xib</string>
			<key>path</key>
			<string>CheatsListCell.xib</string>
			<key>sourceTree</key>
			<string>&lt;group&gt;</string>
		</dict>
		<key>FAF582191CD0F05300992B81</key>
		<dict>
			<key>fileRef</key>
			<string>FAF582171CD0F05300992B81</string>
			<key>isa</key>
			<string>PBXBuildFile</string>
		</dict>
		<key>FAF5821A1CD0F05300992B81</key>
		<dict>
			<key>fileRef</key>
			<string>FAF582181CD0F05300992B81</string>
			<key>isa</key>
			<string>PBXBuildFile</string>
		</dict>
	</dict>
	<key>rootObject</key>
	<string>FAF581BD1CCF0A6300992B81</string>
</dict>
</plist>
