// !$*UTF8*$!
{
	archiveVersion = 1;
	classes = {
	};
	objectVersion = 46;
	objects = {

/* Begin PBXBuildFile section */
		047E374940D3016A96D2F13E /* libPods.a in Frameworks */ = {isa = PBXBuildFile; fileRef = 53FA5E4AE725975865A274A6 /* libPods.a */; };
		FA5A83F51CD1FA800020FE93 /* CheatsDetailViewController.m in Sources */ = {isa = PBXBuildFile; fileRef = FA5A83F31CD1FA800020FE93 /* CheatsDetailViewController.m */; };
		FA5A83F61CD1FA800020FE93 /* CheatsDetailViewController.xib in Resources */ = {isa = PBXBuildFile; fileRef = FA5A83F41CD1FA800020FE93 /* CheatsDetailViewController.xib */; };
		FA5A83FA1CD1FEB30020FE93 /* Cheats.m in Sources */ = {isa = PBXBuildFile; fileRef = FA5A83F91CD1FEB30020FE93 /* Cheats.m */; };
		FA5A83FE1CD201ED0020FE93 /* CheatsDetailCell.m in Sources */ = {isa = PBXBuildFile; fileRef = FA5A83FC1CD201ED0020FE93 /* CheatsDetailCell.m */; };
		FA5A83FF1CD201ED0020FE93 /* CheatsDetailCell.xib in Resources */ = {isa = PBXBuildFile; fileRef = FA5A83FD1CD201ED0020FE93 /* CheatsDetailCell.xib */; };
		FA5A84011CD213000020FE93 /* MessageUI.framework in Frameworks */ = {isa = PBXBuildFile; fileRef = FA5A84001CD213000020FE93 /* MessageUI.framework */; };
		FAF581CA1CCF0A6300992B81 /* main.m in Sources */ = {isa = PBXBuildFile; fileRef = FAF581C91CCF0A6300992B81 /* main.m */; };
		FAF581CD1CCF0A6300992B81 /* AppDelegate.m in Sources */ = {isa = PBXBuildFile; fileRef = FAF581CC1CCF0A6300992B81 /* AppDelegate.m */; };
		FAF581D01CCF0A6300992B81 /* ViewController.m in Sources */ = {isa = PBXBuildFile; fileRef = FAF581CF1CCF0A6300992B81 /* ViewController.m */; };
		FAF581D31CCF0A6300992B81 /* Main.storyboard in Resources */ = {isa = PBXBuildFile; fileRef = FAF581D11CCF0A6300992B81 /* Main.storyboard */; };
		FAF581D51CCF0A6300992B81 /* Assets.xcassets in Resources */ = {isa = PBXBuildFile; fileRef = FAF581D41CCF0A6300992B81 /* Assets.xcassets */; };
		FAF581D81CCF0A6300992B81 /* LaunchScreen.storyboard in Resources */ = {isa = PBXBuildFile; fileRef = FAF581D61CCF0A6300992B81 /* LaunchScreen.storyboard */; };
		FAF581E31CCF0A6300992B81 /* MysteryPalaceRaidersTests.m in Sources */ = {isa = PBXBuildFile; fileRef = FAF581E21CCF0A6300992B81 /* MysteryPalaceRaidersTests.m */; };
		FAF581EE1CCF0A6300992B81 /* MysteryPalaceRaidersUITests.m in Sources */ = {isa = PBXBuildFile; fileRef = FAF581ED1CCF0A6300992B81 /* MysteryPalaceRaidersUITests.m */; };
		FAF5820B1CD0B62500992B81 /* DEMOFirstViewController.m in Sources */ = {isa = PBXBuildFile; fileRef = FAF581FD1CD0B62500992B81 /* DEMOFirstViewController.m */; };
		FAF5820C1CD0B62500992B81 /* DEMOLeftMenuViewController.m in Sources */ = {isa = PBXBuildFile; fileRef = FAF581FF1CD0B62500992B81 /* DEMOLeftMenuViewController.m */; };
		FAF5820D1CD0B62500992B81 /* DEMORightMenuViewController.m in Sources */ = {isa = PBXBuildFile; fileRef = FAF582011CD0B62500992B81 /* DEMORightMenuViewController.m */; };
		FAF5820E1CD0B62500992B81 /* DEMOSecondViewController.m in Sources */ = {isa = PBXBuildFile; fileRef = FAF582031CD0B62500992B81 /* DEMOSecondViewController.m */; };
		FAF5820F1CD0B62500992B81 /* RECommonFunctions.m in Sources */ = {isa = PBXBuildFile; fileRef = FAF582061CD0B62500992B81 /* RECommonFunctions.m */; };
		FAF582101CD0B62500992B81 /* RESideMenu.m in Sources */ = {isa = PBXBuildFile; fileRef = FAF582081CD0B62500992B81 /* RESideMenu.m */; };
		FAF582111CD0B62500992B81 /* UIViewController+RESideMenu.m in Sources */ = {isa = PBXBuildFile; fileRef = FAF5820A1CD0B62500992B81 /* UIViewController+RESideMenu.m */; };
		FAF582191CD0F05300992B81 /* CheatsListCell.m in Sources */ = {isa = PBXBuildFile; fileRef = FAF582171CD0F05300992B81 /* CheatsListCell.m */; };
		FAF5821A1CD0F05300992B81 /* CheatsListCell.xib in Resources */ = {isa = PBXBuildFile; fileRef = FAF582181CD0F05300992B81 /* CheatsListCell.xib */; };
/* End PBXBuildFile section */

/* Begin PBXContainerItemProxy section */
		FAF581DF1CCF0A6300992B81 /* PBXContainerItemProxy */ = {
			isa = PBXContainerItemProxy;
			containerPortal = FAF581BD1CCF0A6300992B81 /* Project object */;
			proxyType = 1;
			remoteGlobalIDString = FAF581C41CCF0A6300992B81;
			remoteInfo = MysteryPalaceRaiders;
		};
		FAF581EA1CCF0A6300992B81 /* PBXContainerItemProxy */ = {
			isa = PBXContainerItemProxy;
			containerPortal = FAF581BD1CCF0A6300992B81 /* Project object */;
			proxyType = 1;
			remoteGlobalIDString = FAF581C41CCF0A6300992B81;
			remoteInfo = MysteryPalaceRaiders;
		};
/* End PBXContainerItemProxy section */

/* Begin PBXFileReference section */
		53FA5E4AE725975865A274A6 /* libPods.a */ = {isa = PBXFileReference; explicitFileType = archive.ar; includeInIndex = 0; path = libPods.a; sourceTree = BUILT_PRODUCTS_DIR; };
		60A566244E51BC6B84BF6CBD /* Pods.release.xcconfig */ = {isa = PBXFileReference; includeInIndex = 1; lastKnownFileType = text.xcconfig; name = Pods.release.xcconfig; path = "Pods/Target Support Files/Pods/Pods.release.xcconfig"; sourceTree = "<group>"; };
		AA23AD1EBA076B6178E471AA /* Pods.debug.xcconfig */ = {isa = PBXFileReference; includeInIndex = 1; lastKnownFileType = text.xcconfig; name = Pods.debug.xcconfig; path = "Pods/Target Support Files/Pods/Pods.debug.xcconfig"; sourceTree = "<group>"; };
		FA5A83F21CD1FA800020FE93 /* CheatsDetailViewController.h */ = {isa = PBXFileReference; fileEncoding = 4; lastKnownFileType = sourcecode.c.h; path = CheatsDetailViewController.h; sourceTree = "<group>"; };
		FA5A83F31CD1FA800020FE93 /* CheatsDetailViewController.m */ = {isa = PBXFileReference; fileEncoding = 4; lastKnownFileType = sourcecode.c.objc; path = CheatsDetailViewController.m; sourceTree = "<group>"; };
		FA5A83F41CD1FA800020FE93 /* CheatsDetailViewController.xib */ = {isa = PBXFileReference; fileEncoding = 4; lastKnownFileType = file.xib; path = CheatsDetailViewController.xib; sourceTree = "<group>"; };
		FA5A83F81CD1FEB30020FE93 /* Cheats.h */ = {isa = PBXFileReference; fileEncoding = 4; lastKnownFileType = sourcecode.c.h; path = Cheats.h; sourceTree = "<group>"; };
		FA5A83F91CD1FEB30020FE93 /* Cheats.m */ = {isa = PBXFileReference; fileEncoding = 4; lastKnownFileType = sourcecode.c.objc; path = Cheats.m; sourceTree = "<group>"; };
		FA5A83FB1CD201ED0020FE93 /* CheatsDetailCell.h */ = {isa = PBXFileReference; fileEncoding = 4; lastKnownFileType = sourcecode.c.h; path = CheatsDetailCell.h; sourceTree = "<group>"; };
		FA5A83FC1CD201ED0020FE93 /* CheatsDetailCell.m */ = {isa = PBXFileReference; fileEncoding = 4; lastKnownFileType = sourcecode.c.objc; path = CheatsDetailCell.m; sourceTree = "<group>"; };
		FA5A83FD1CD201ED0020FE93 /* CheatsDetailCell.xib */ = {isa = PBXFileReference; fileEncoding = 4; lastKnownFileType = file.xib; path = CheatsDetailCell.xib; sourceTree = "<group>"; };
		FA5A84001CD213000020FE93 /* MessageUI.framework */ = {isa = PBXFileReference; lastKnownFileType = wrapper.framework; name = MessageUI.framework; path = System/Library/Frameworks/MessageUI.framework; sourceTree = SDKROOT; };
		FAF581C51CCF0A6300992B81 /* MysteryPalaceRaiders.app */ = {isa = PBXFileReference; explicitFileType = wrapper.application; includeInIndex = 0; path = MysteryPalaceRaiders.app; sourceTree = BUILT_PRODUCTS_DIR; };
		FAF581C91CCF0A6300992B81 /* main.m */ = {isa = PBXFileReference; lastKnownFileType = sourcecode.c.objc; path = main.m; sourceTree = "<group>"; };
		FAF581CB1CCF0A6300992B81 /* AppDelegate.h */ = {isa = PBXFileReference; lastKnownFileType = sourcecode.c.h; path = AppDelegate.h; sourceTree = "<group>"; };
		FAF581CC1CCF0A6300992B81 /* AppDelegate.m */ = {isa = PBXFileReference; lastKnownFileType = sourcecode.c.objc; path = AppDelegate.m; sourceTree = "<group>"; };
		FAF581CE1CCF0A6300992B81 /* ViewController.h */ = {isa = PBXFileReference; lastKnownFileType = sourcecode.c.h; path = ViewController.h; sourceTree = "<group>"; };
		FAF581CF1CCF0A6300992B81 /* ViewController.m */ = {isa = PBXFileReference; lastKnownFileType = sourcecode.c.objc; path = ViewController.m; sourceTree = "<group>"; };
		FAF581D21CCF0A6300992B81 /* Base */ = {isa = PBXFileReference; lastKnownFileType = file.storyboard; name = Base; path = Base.lproj/Main.storyboard; sourceTree = "<group>"; };
		FAF581D41CCF0A6300992B81 /* Assets.xcassets */ = {isa = PBXFileReference; lastKnownFileType = folder.assetcatalog; path = Assets.xcassets; sourceTree = "<group>"; };
		FAF581D71CCF0A6300992B81 /* Base */ = {isa = PBXFileReference; lastKnownFileType = file.storyboard; name = Base; path = Base.lproj/LaunchScreen.storyboard; sourceTree = "<group>"; };
		FAF581D91CCF0A6300992B81 /* Info.plist */ = {isa = PBXFileReference; lastKnownFileType = text.plist.xml; path = Info.plist; sourceTree = "<group>"; };
		FAF581DE1CCF0A6300992B81 /* MysteryPalaceRaidersTests.xctest */ = {isa = PBXFileReference; explicitFileType = wrapper.cfbundle; includeInIndex = 0; path = MysteryPalaceRaidersTests.xctest; sourceTree = BUILT_PRODUCTS_DIR; };
		FAF581E21CCF0A6300992B81 /* MysteryPalaceRaidersTests.m */ = {isa = PBXFileReference; lastKnownFileType = sourcecode.c.objc; path = MysteryPalaceRaidersTests.m; sourceTree = "<group>"; };
		FAF581E41CCF0A6300992B81 /* Info.plist */ = {isa = PBXFileReference; lastKnownFileType = text.plist.xml; path = Info.plist; sourceTree = "<group>"; };
		FAF581E91CCF0A6300992B81 /* MysteryPalaceRaidersUITests.xctest */ = {isa = PBXFileReference; explicitFileType = wrapper.cfbundle; includeInIndex = 0; path = MysteryPalaceRaidersUITests.xctest; sourceTree = BUILT_PRODUCTS_DIR; };
		FAF581ED1CCF0A6300992B81 /* MysteryPalaceRaidersUITests.m */ = {isa = PBXFileReference; lastKnownFileType = sourcecode.c.objc; path = MysteryPalaceRaidersUITests.m; sourceTree = "<group>"; };
		FAF581EF1CCF0A6300992B81 /* Info.plist */ = {isa = PBXFileReference; lastKnownFileType = text.plist.xml; path = Info.plist; sourceTree = "<group>"; };
		FAF581FC1CD0B62500992B81 /* DEMOFirstViewController.h */ = {isa = PBXFileReference; fileEncoding = 4; lastKnownFileType = sourcecode.c.h; path = DEMOFirstViewController.h; sourceTree = "<group>"; };
		FAF581FD1CD0B62500992B81 /* DEMOFirstViewController.m */ = {isa = PBXFileReference; fileEncoding = 4; lastKnownFileType = sourcecode.c.objc; path = DEMOFirstViewController.m; sourceTree = "<group>"; };
		FAF581FE1CD0B62500992B81 /* DEMOLeftMenuViewController.h */ = {isa = PBXFileReference; fileEncoding = 4; lastKnownFileType = sourcecode.c.h; path = DEMOLeftMenuViewController.h; sourceTree = "<group>"; };
		FAF581FF1CD0B62500992B81 /* DEMOLeftMenuViewController.m */ = {isa = PBXFileReference; fileEncoding = 4; lastKnownFileType = sourcecode.c.objc; path = DEMOLeftMenuViewController.m; sourceTree = "<group>"; };
		FAF582001CD0B62500992B81 /* DEMORightMenuViewController.h */ = {isa = PBXFileReference; fileEncoding = 4; lastKnownFileType = sourcecode.c.h; path = DEMORightMenuViewController.h; sourceTree = "<group>"; };
		FAF582011CD0B62500992B81 /* DEMORightMenuViewController.m */ = {isa = PBXFileReference; fileEncoding = 4; lastKnownFileType = sourcecode.c.objc; path = DEMORightMenuViewController.m; sourceTree = "<group>"; };
		FAF582021CD0B62500992B81 /* DEMOSecondViewController.h */ = {isa = PBXFileReference; fileEncoding = 4; lastKnownFileType = sourcecode.c.h; path = DEMOSecondViewController.h; sourceTree = "<group>"; };
		FAF582031CD0B62500992B81 /* DEMOSecondViewController.m */ = {isa = PBXFileReference; fileEncoding = 4; lastKnownFileType = sourcecode.c.objc; path = DEMOSecondViewController.m; sourceTree = "<group>"; };
		FAF582051CD0B62500992B81 /* RECommonFunctions.h */ = {isa = PBXFileReference; fileEncoding = 4; lastKnownFileType = sourcecode.c.h; path = RECommonFunctions.h; sourceTree = "<group>"; };
		FAF582061CD0B62500992B81 /* RECommonFunctions.m */ = {isa = PBXFileReference; fileEncoding = 4; lastKnownFileType = sourcecode.c.objc; path = RECommonFunctions.m; sourceTree = "<group>"; };
		FAF582071CD0B62500992B81 /* RESideMenu.h */ = {isa = PBXFileReference; fileEncoding = 4; lastKnownFileType = sourcecode.c.h; path = RESideMenu.h; sourceTree = "<group>"; };
		FAF582081CD0B62500992B81 /* RESideMenu.m */ = {isa = PBXFileReference; fileEncoding = 4; lastKnownFileType = sourcecode.c.objc; path = RESideMenu.m; sourceTree = "<group>"; };
		FAF582091CD0B62500992B81 /* UIViewController+RESideMenu.h */ = {isa = PBXFileReference; fileEncoding = 4; lastKnownFileType = sourcecode.c.h; path = "UIViewController+RESideMenu.h"; sourceTree = "<group>"; };
		FAF5820A1CD0B62500992B81 /* UIViewController+RESideMenu.m */ = {isa = PBXFileReference; fileEncoding = 4; lastKnownFileType = sourcecode.c.objc; path = "UIViewController+RESideMenu.m"; sourceTree = "<group>"; };
		FAF582131CD0EB8C00992B81 /* Common.h */ = {isa = PBXFileReference; fileEncoding = 4; lastKnownFileType = sourcecode.c.h; path = Common.h; sourceTree = "<group>"; };
		FAF582141CD0EC4400992B81 /* PrefixHeader.pch */ = {isa = PBXFileReference; lastKnownFileType = sourcecode.c.h; path = PrefixHeader.pch; sourceTree = "<group>"; };
		FAF582161CD0F05300992B81 /* CheatsListCell.h */ = {isa = PBXFileReference; fileEncoding = 4; lastKnownFileType = sourcecode.c.h; path = CheatsListCell.h; sourceTree = "<group>"; };
		FAF582171CD0F05300992B81 /* CheatsListCell.m */ = {isa = PBXFileReference; fileEncoding = 4; lastKnownFileType = sourcecode.c.objc; path = CheatsListCell.m; sourceTree = "<group>"; };
		FAF582181CD0F05300992B81 /* CheatsListCell.xib */ = {isa = PBXFileReference; fileEncoding = 4; lastKnownFileType = file.xib; path = CheatsListCell.xib; sourceTree = "<group>"; };
/* End PBXFileReference section */

/* Begin PBXFrameworksBuildPhase section */
		FAF581C21CCF0A6300992B81 /* Frameworks */ = {
			isa = PBXFrameworksBuildPhase;
			buildActionMask = 2147483647;
			files = (
				FA5A84011CD213000020FE93 /* MessageUI.framework in Frameworks */,
				047E374940D3016A96D2F13E /* libPods.a in Frameworks */,
			);
			runOnlyForDeploymentPostprocessing = 0;
		};
		FAF581DB1CCF0A6300992B81 /* Frameworks */ = {
			isa = PBXFrameworksBuildPhase;
			buildActionMask = 2147483647;
			files = (
			);
			runOnlyForDeploymentPostprocessing = 0;
		};
		FAF581E61CCF0A6300992B81 /* Frameworks */ = {
			isa = PBXFrameworksBuildPhase;
			buildActionMask = 2147483647;
			files = (
			);
			runOnlyForDeploymentPostprocessing = 0;
		};
/* End PBXFrameworksBuildPhase section */

/* Begin PBXGroup section */
		21A37444078C5305D5AEE9BD /* Pods */ = {
			isa = PBXGroup;
			children = (
				AA23AD1EBA076B6178E471AA /* Pods.debug.xcconfig */,
				60A566244E51BC6B84BF6CBD /* Pods.release.xcconfig */,
			);
			name = Pods;
			sourceTree = "<group>";
		};
		33FE5419B7F0F2363FF8B0F3 /* Frameworks */ = {
			isa = PBXGroup;
			children = (
				53FA5E4AE725975865A274A6 /* libPods.a */,
			);
			name = Frameworks;
			sourceTree = "<group>";
		};
		FA5A83F71CD1FE9D0020FE93 /* Entity */ = {
			isa = PBXGroup;
			children = (
				FA5A83F81CD1FEB30020FE93 /* Cheats.h */,
				FA5A83F91CD1FEB30020FE93 /* Cheats.m */,
			);
			path = Entity;
			sourceTree = "<group>";
		};
		FAF581BC1CCF0A6300992B81 = {
			isa = PBXGroup;
			children = (
				FA5A84001CD213000020FE93 /* MessageUI.framework */,
				FAF581C71CCF0A6300992B81 /* MysteryPalaceRaiders */,
				FAF581E11CCF0A6300992B81 /* MysteryPalaceRaidersTests */,
				FAF581EC1CCF0A6300992B81 /* MysteryPalaceRaidersUITests */,
				FAF581C61CCF0A6300992B81 /* Products */,
				21A37444078C5305D5AEE9BD /* Pods */,
				33FE5419B7F0F2363FF8B0F3 /* Frameworks */,
			);
			sourceTree = "<group>";
		};
		FAF581C61CCF0A6300992B81 /* Products */ = {
			isa = PBXGroup;
			children = (
				FAF581C51CCF0A6300992B81 /* MysteryPalaceRaiders.app */,
				FAF581DE1CCF0A6300992B81 /* MysteryPalaceRaidersTests.xctest */,
				FAF581E91CCF0A6300992B81 /* MysteryPalaceRaidersUITests.xctest */,
			);
			name = Products;
			sourceTree = "<group>";
		};
		FAF581C71CCF0A6300992B81 /* MysteryPalaceRaiders */ = {
			isa = PBXGroup;
			children = (
				FA5A83F71CD1FE9D0020FE93 /* Entity */,
				FAF582151CD0F01F00992B81 /* Cells */,
				FAF582121CD0EB7D00992B81 /* Config */,
				FAF581FB1CD0B62500992B81 /* Controllers */,
				FAF582041CD0B62500992B81 /* Menu */,
				FAF581CB1CCF0A6300992B81 /* AppDelegate.h */,
				FAF581CC1CCF0A6300992B81 /* AppDelegate.m */,
				FAF581CE1CCF0A6300992B81 /* ViewController.h */,
				FAF581CF1CCF0A6300992B81 /* ViewController.m */,
				FAF581D11CCF0A6300992B81 /* Main.storyboard */,
				FAF581D41CCF0A6300992B81 /* Assets.xcassets */,
				FAF581D61CCF0A6300992B81 /* LaunchScreen.storyboard */,
				FAF581D91CCF0A6300992B81 /* Info.plist */,
				FAF581C81CCF0A6300992B81 /* Supporting Files */,
			);
			path = MysteryPalaceRaiders;
			sourceTree = "<group>";
		};
		FAF581C81CCF0A6300992B81 /* Supporting Files */ = {
			isa = PBXGroup;
			children = (
				FAF581C91CCF0A6300992B81 /* main.m */,
			);
			name = "Supporting Files";
			sourceTree = "<group>";
		};
		FAF581E11CCF0A6300992B81 /* MysteryPalaceRaidersTests */ = {
			isa = PBXGroup;
			children = (
				FAF581E21CCF0A6300992B81 /* MysteryPalaceRaidersTests.m */,
				FAF581E41CCF0A6300992B81 /* Info.plist */,
			);
			path = MysteryPalaceRaidersTests;
			sourceTree = "<group>";
		};
		FAF581EC1CCF0A6300992B81 /* MysteryPalaceRaidersUITests */ = {
			isa = PBXGroup;
			children = (
				FAF581ED1CCF0A6300992B81 /* MysteryPalaceRaidersUITests.m */,
				FAF581EF1CCF0A6300992B81 /* Info.plist */,
			);
			path = MysteryPalaceRaidersUITests;
			sourceTree = "<group>";
		};
		FAF581FB1CD0B62500992B81 /* Controllers */ = {
			isa = PBXGroup;
			children = (
				FAF581FC1CD0B62500992B81 /* DEMOFirstViewController.h */,
				FAF581FD1CD0B62500992B81 /* DEMOFirstViewController.m */,
				FAF581FE1CD0B62500992B81 /* DEMOLeftMenuViewController.h */,
				FAF581FF1CD0B62500992B81 /* DEMOLeftMenuViewController.m */,
				FAF582001CD0B62500992B81 /* DEMORightMenuViewController.h */,
				FAF582011CD0B62500992B81 /* DEMORightMenuViewController.m */,
				FAF582021CD0B62500992B81 /* DEMOSecondViewController.h */,
				FAF582031CD0B62500992B81 /* DEMOSecondViewController.m */,
				FA5A83F21CD1FA800020FE93 /* CheatsDetailViewController.h */,
				FA5A83F31CD1FA800020FE93 /* CheatsDetailViewController.m */,
				FA5A83F41CD1FA800020FE93 /* CheatsDetailViewController.xib */,
			);
			path = Controllers;
			sourceTree = "<group>";
		};
		FAF582041CD0B62500992B81 /* Menu */ = {
			isa = PBXGroup;
			children = (
				FAF582051CD0B62500992B81 /* RECommonFunctions.h */,
				FAF582061CD0B62500992B81 /* RECommonFunctions.m */,
				FAF582071CD0B62500992B81 /* RESideMenu.h */,
				FAF582081CD0B62500992B81 /* RESideMenu.m */,
				FAF582091CD0B62500992B81 /* UIViewController+RESideMenu.h */,
				FAF5820A1CD0B62500992B81 /* UIViewController+RESideMenu.m */,
			);
			path = Menu;
			sourceTree = "<group>";
		};
		FAF582121CD0EB7D00992B81 /* Config */ = {
			isa = PBXGroup;
			children = (
				FAF582141CD0EC4400992B81 /* PrefixHeader.pch */,
				FAF582131CD0EB8C00992B81 /* Common.h */,
			);
			path = Config;
			sourceTree = "<group>";
		};
		FAF582151CD0F01F00992B81 /* Cells */ = {
			isa = PBXGroup;
			children = (
				FAF582161CD0F05300992B81 /* CheatsListCell.h */,
				FAF582171CD0F05300992B81 /* CheatsListCell.m */,
				FAF582181CD0F05300992B81 /* CheatsListCell.xib */,
				FA5A83FB1CD201ED0020FE93 /* CheatsDetailCell.h */,
				FA5A83FC1CD201ED0020FE93 /* CheatsDetailCell.m */,
				FA5A83FD1CD201ED0020FE93 /* CheatsDetailCell.xib */,
			);
			path = Cells;
			sourceTree = "<group>";
		};
/* End PBXGroup section */

/* Begin PBXNativeTarget section */
		FAF581C41CCF0A6300992B81 /* MysteryPalaceRaiders */ = {
			isa = PBXNativeTarget;
			buildConfigurationList = FAF581F21CCF0A6300992B81 /* Build configuration list for PBXNativeTarget "MysteryPalaceRaiders" */;
			buildPhases = (
				CCACC208B1950A58A9D229AE /* Check Pods Manifest.lock */,
				FAF581C11CCF0A6300992B81 /* Sources */,
				FAF581C21CCF0A6300992B81 /* Frameworks */,
				FAF581C31CCF0A6300992B81 /* Resources */,
				185D03C94F5F7E0FD4FEA65A /* Embed Pods Frameworks */,
				630F25C612BCD0EB320FE8FD /* Copy Pods Resources */,
			);
			buildRules = (
			);
			dependencies = (
			);
			name = MysteryPalaceRaiders;
			productName = MysteryPalaceRaiders;
			productReference = FAF581C51CCF0A6300992B81 /* MysteryPalaceRaiders.app */;
			productType = "com.apple.product-type.application";
		};
		FAF581DD1CCF0A6300992B81 /* MysteryPalaceRaidersTests */ = {
			isa = PBXNativeTarget;
			buildConfigurationList = FAF581F51CCF0A6300992B81 /* Build configuration list for PBXNativeTarget "MysteryPalaceRaidersTests" */;
			buildPhases = (
				FAF581DA1CCF0A6300992B81 /* Sources */,
				FAF581DB1CCF0A6300992B81 /* Frameworks */,
				FAF581DC1CCF0A6300992B81 /* Resources */,
			);
			buildRules = (
			);
			dependencies = (
				FAF581E01CCF0A6300992B81 /* PBXTargetDependency */,
			);
			name = MysteryPalaceRaidersTests;
			productName = MysteryPalaceRaidersTests;
			productReference = FAF581DE1CCF0A6300992B81 /* MysteryPalaceRaidersTests.xctest */;
			productType = "com.apple.product-type.bundle.unit-test";
		};
		FAF581E81CCF0A6300992B81 /* MysteryPalaceRaidersUITests */ = {
			isa = PBXNativeTarget;
			buildConfigurationList = FAF581F81CCF0A6300992B81 /* Build configuration list for PBXNativeTarget "MysteryPalaceRaidersUITests" */;
			buildPhases = (
				FAF581E51CCF0A6300992B81 /* Sources */,
				FAF581E61CCF0A6300992B81 /* Frameworks */,
				FAF581E71CCF0A6300992B81 /* Resources */,
			);
			buildRules = (
			);
			dependencies = (
				FAF581EB1CCF0A6300992B81 /* PBXTargetDependency */,
			);
			name = MysteryPalaceRaidersUITests;
			productName = MysteryPalaceRaidersUITests;
			productReference = FAF581E91CCF0A6300992B81 /* MysteryPalaceRaidersUITests.xctest */;
			productType = "com.apple.product-type.bundle.ui-testing";
		};
/* End PBXNativeTarget section */

/* Begin PBXProject section */
		FAF581BD1CCF0A6300992B81 /* Project object */ = {
			isa = PBXProject;
			attributes = {
				LastUpgradeCheck = 0730;
				ORGANIZATIONNAME = leiziyun;
				TargetAttributes = {
					FAF581C41CCF0A6300992B81 = {
						CreatedOnToolsVersion = 7.3;
					};
					FAF581DD1CCF0A6300992B81 = {
						CreatedOnToolsVersion = 7.3;
						TestTargetID = FAF581C41CCF0A6300992B81;
					};
					FAF581E81CCF0A6300992B81 = {
						CreatedOnToolsVersion = 7.3;
						TestTargetID = FAF581C41CCF0A6300992B81;
					};
				};
			};
			buildConfigurationList = FAF581C01CCF0A6300992B81 /* Build configuration list for PBXProject "MysteryPalaceRaiders" */;
			compatibilityVersion = "Xcode 3.2";
			developmentRegion = English;
			hasScannedForEncodings = 0;
			knownRegions = (
				en,
				Base,
			);
			mainGroup = FAF581BC1CCF0A6300992B81;
			productRefGroup = FAF581C61CCF0A6300992B81 /* Products */;
			projectDirPath = "";
			projectRoot = "";
			targets = (
				FAF581C41CCF0A6300992B81 /* MysteryPalaceRaiders */,
				FAF581DD1CCF0A6300992B81 /* MysteryPalaceRaidersTests */,
				FAF581E81CCF0A6300992B81 /* MysteryPalaceRaidersUITests */,
			);
		};
/* End PBXProject section */

/* Begin PBXResourcesBuildPhase section */
		FAF581C31CCF0A6300992B81 /* Resources */ = {
			isa = PBXResourcesBuildPhase;
			buildActionMask = 2147483647;
			files = (
				FAF581D81CCF0A6300992B81 /* LaunchScreen.storyboard in Resources */,
				FAF581D51CCF0A6300992B81 /* Assets.xcassets in Resources */,
				FA5A83FF1CD201ED0020FE93 /* CheatsDetailCell.xib in Resources */,
				FAF581D31CCF0A6300992B81 /* Main.storyboard in Resources */,
				FA5A83F61CD1FA800020FE93 /* CheatsDetailViewController.xib in Resources */,
				FAF5821A1CD0F05300992B81 /* CheatsListCell.xib in Resources */,
			);
			runOnlyForDeploymentPostprocessing = 0;
		};
		FAF581DC1CCF0A6300992B81 /* Resources */ = {
			isa = PBXResourcesBuildPhase;
			buildActionMask = 2147483647;
			files = (
			);
			runOnlyForDeploymentPostprocessing = 0;
		};
		FAF581E71CCF0A6300992B81 /* Resources */ = {
			isa = PBXResourcesBuildPhase;
			buildActionMask = 2147483647;
			files = (
			);
			runOnlyForDeploymentPostprocessing = 0;
		};
/* End PBXResourcesBuildPhase section */

/* Begin PBXShellScriptBuildPhase section */
		185D03C94F5F7E0FD4FEA65A /* Embed Pods Frameworks */ = {
			isa = PBXShellScriptBuildPhase;
			buildActionMask = 2147483647;
			files = (
			);
			inputPaths = (
			);
			name = "Embed Pods Frameworks";
			outputPaths = (
			);
			runOnlyForDeploymentPostprocessing = 0;
			shellPath = /bin/sh;
			shellScript = "\"${SRCROOT}/Pods/Target Support Files/Pods/Pods-frameworks.sh\"\n";
			showEnvVarsInLog = 0;
		};
		630F25C612BCD0EB320FE8FD /* Copy Pods Resources */ = {
			isa = PBXShellScriptBuildPhase;
			buildActionMask = 2147483647;
			files = (
			);
			inputPaths = (
			);
			name = "Copy Pods Resources";
			outputPaths = (
			);
			runOnlyForDeploymentPostprocessing = 0;
			shellPath = /bin/sh;
			shellScript = "\"${SRCROOT}/Pods/Target Support Files/Pods/Pods-resources.sh\"\n";
			showEnvVarsInLog = 0;
		};
		CCACC208B1950A58A9D229AE /* Check Pods Manifest.lock */ = {
			isa = PBXShellScriptBuildPhase;
			buildActionMask = 2147483647;
			files = (
			);
			inputPaths = (
			);
			name = "Check Pods Manifest.lock";
			outputPaths = (
			);
			runOnlyForDeploymentPostprocessing = 0;
			shellPath = /bin/sh;
			shellScript = "diff \"${PODS_ROOT}/../Podfile.lock\" \"${PODS_ROOT}/Manifest.lock\" > /dev/null\nif [[ $? != 0 ]] ; then\n    cat << EOM\nerror: The sandbox is not in sync with the Podfile.lock. Run 'pod install' or update your CocoaPods installation.\nEOM\n    exit 1\nfi\n";
			showEnvVarsInLog = 0;
		};
/* End PBXShellScriptBuildPhase section */

/* Begin PBXSourcesBuildPhase section */
		FAF581C11CCF0A6300992B81 /* Sources */ = {
			isa = PBXSourcesBuildPhase;
			buildActionMask = 2147483647;
			files = (
				FAF5820C1CD0B62500992B81 /* DEMOLeftMenuViewController.m in Sources */,
				FAF5820B1CD0B62500992B81 /* DEMOFirstViewController.m in Sources */,
				FA5A83FE1CD201ED0020FE93 /* CheatsDetailCell.m in Sources */,
				FAF581D01CCF0A6300992B81 /* ViewController.m in Sources */,
				FAF581CD1CCF0A6300992B81 /* AppDelegate.m in Sources */,
				FAF582191CD0F05300992B81 /* CheatsListCell.m in Sources */,
				FA5A83F51CD1FA800020FE93 /* CheatsDetailViewController.m in Sources */,
				FAF5820E1CD0B62500992B81 /* DEMOSecondViewController.m in Sources */,
				FAF581CA1CCF0A6300992B81 /* main.m in Sources */,
				FAF5820D1CD0B62500992B81 /* DEMORightMenuViewController.m in Sources */,
				FAF582111CD0B62500992B81 /* UIViewController+RESideMenu.m in Sources */,
				FAF582101CD0B62500992B81 /* RESideMenu.m in Sources */,
				FAF5820F1CD0B62500992B81 /* RECommonFunctions.m in Sources */,
				FA5A83FA1CD1FEB30020FE93 /* Cheats.m in Sources */,
			);
			runOnlyForDeploymentPostprocessing = 0;
		};
		FAF581DA1CCF0A6300992B81 /* Sources */ = {
			isa = PBXSourcesBuildPhase;
			buildActionMask = 2147483647;
			files = (
				FAF581E31CCF0A6300992B81 /* MysteryPalaceRaidersTests.m in Sources */,
			);
			runOnlyForDeploymentPostprocessing = 0;
		};
		FAF581E51CCF0A6300992B81 /* Sources */ = {
			isa = PBXSourcesBuildPhase;
			buildActionMask = 2147483647;
			files = (
				FAF581EE1CCF0A6300992B81 /* MysteryPalaceRaidersUITests.m in Sources */,
			);
			runOnlyForDeploymentPostprocessing = 0;
		};
/* End PBXSourcesBuildPhase section */

/* Begin PBXTargetDependency section */
		FAF581E01CCF0A6300992B81 /* PBXTargetDependency */ = {
			isa = PBXTargetDependency;
			target = FAF581C41CCF0A6300992B81 /* MysteryPalaceRaiders */;
			targetProxy = FAF581DF1CCF0A6300992B81 /* PBXContainerItemProxy */;
		};
		FAF581EB1CCF0A6300992B81 /* PBXTargetDependency */ = {
			isa = PBXTargetDependency;
			target = FAF581C41CCF0A6300992B81 /* MysteryPalaceRaiders */;
			targetProxy = FAF581EA1CCF0A6300992B81 /* PBXContainerItemProxy */;
		};
/* End PBXTargetDependency section */

/* Begin PBXVariantGroup section */
		FAF581D11CCF0A6300992B81 /* Main.storyboard */ = {
			isa = PBXVariantGroup;
			children = (
				FAF581D21CCF0A6300992B81 /* Base */,
			);
			name = Main.storyboard;
			sourceTree = "<group>";
		};
		FAF581D61CCF0A6300992B81 /* LaunchScreen.storyboard */ = {
			isa = PBXVariantGroup;
			children = (
				FAF581D71CCF0A6300992B81 /* Base */,
			);
			name = LaunchScreen.storyboard;
			sourceTree = "<group>";
		};
/* End PBXVariantGroup section */

/* Begin XCBuildConfiguration section */
		FAF581F01CCF0A6300992B81 /* Debug */ = {
			isa = XCBuildConfiguration;
			buildSettings = {
				ALWAYS_SEARCH_USER_PATHS = NO;
				CLANG_ANALYZER_NONNULL = YES;
				CLANG_CXX_LANGUAGE_STANDARD = "gnu++0x";
				CLANG_CXX_LIBRARY = "libc++";
				CLANG_ENABLE_MODULES = YES;
				CLANG_ENABLE_OBJC_ARC = YES;
				CLANG_WARN_BOOL_CONVERSION = YES;
				CLANG_WARN_CONSTANT_CONVERSION = YES;
				CLANG_WARN_DIRECT_OBJC_ISA_USAGE = YES_ERROR;
				CLANG_WARN_EMPTY_BODY = YES;
				CLANG_WARN_ENUM_CONVERSION = YES;
				CLANG_WARN_INT_CONVERSION = YES;
				CLANG_WARN_OBJC_ROOT_CLASS = YES_ERROR;
				CLANG_WARN_UNREACHABLE_CODE = YES;
				CLANG_WARN__DUPLICATE_METHOD_MATCH = YES;
				"CODE_SIGN_IDENTITY[sdk=iphoneos*]" = "iPhone Developer";
				COPY_PHASE_STRIP = NO;
				DEBUG_INFORMATION_FORMAT = dwarf;
				ENABLE_STRICT_OBJC_MSGSEND = YES;
				ENABLE_TESTABILITY = YES;
				GCC_C_LANGUAGE_STANDARD = gnu99;
				GCC_DYNAMIC_NO_PIC = NO;
				GCC_NO_COMMON_BLOCKS = YES;
				GCC_OPTIMIZATION_LEVEL = 0;
				GCC_PREPROCESSOR_DEFINITIONS = (
					"DEBUG=1",
					"$(inherited)",
				);
				GCC_WARN_64_TO_32_BIT_CONVERSION = YES;
				GCC_WARN_ABOUT_RETURN_TYPE = YES_ERROR;
				GCC_WARN_UNDECLARED_SELECTOR = YES;
				GCC_WARN_UNINITIALIZED_AUTOS = YES_AGGRESSIVE;
				GCC_WARN_UNUSED_FUNCTION = YES;
				GCC_WARN_UNUSED_VARIABLE = YES;
				IPHONEOS_DEPLOYMENT_TARGET = 9.3;
				MTL_ENABLE_DEBUG_INFO = YES;
				ONLY_ACTIVE_ARCH = YES;
				SDKROOT = iphoneos;
				TARGETED_DEVICE_FAMILY = "1,2";
			};
			name = Debug;
		};
		FAF581F11CCF0A6300992B81 /* Release */ = {
			isa = XCBuildConfiguration;
			buildSettings = {
				ALWAYS_SEARCH_USER_PATHS = NO;
				CLANG_ANALYZER_NONNULL = YES;
				CLANG_CXX_LANGUAGE_STANDARD = "gnu++0x";
				CLANG_CXX_LIBRARY = "libc++";
				CLANG_ENABLE_MODULES = YES;
				CLANG_ENABLE_OBJC_ARC = YES;
				CLANG_WARN_BOOL_CONVERSION = YES;
				CLANG_WARN_CONSTANT_CONVERSION = YES;
				CLANG_WARN_DIRECT_OBJC_ISA_USAGE = YES_ERROR;
				CLANG_WARN_EMPTY_BODY = YES;
				CLANG_WARN_ENUM_CONVERSION = YES;
				CLANG_WARN_INT_CONVERSION = YES;
				CLANG_WARN_OBJC_ROOT_CLASS = YES_ERROR;
				CLANG_WARN_UNREACHABLE_CODE = YES;
				CLANG_WARN__DUPLICATE_METHOD_MATCH = YES;
				"CODE_SIGN_IDENTITY[sdk=iphoneos*]" = "iPhone Developer";
				COPY_PHASE_STRIP = NO;
				DEBUG_INFORMATION_FORMAT = "dwarf-with-dsym";
				ENABLE_NS_ASSERTIONS = NO;
				ENABLE_STRICT_OBJC_MSGSEND = YES;
				GCC_C_LANGUAGE_STANDARD = gnu99;
				GCC_NO_COMMON_BLOCKS = YES;
				GCC_WARN_64_TO_32_BIT_CONVERSION = YES;
				GCC_WARN_ABOUT_RETURN_TYPE = YES_ERROR;
				GCC_WARN_UNDECLARED_SELECTOR = YES;
				GCC_WARN_UNINITIALIZED_AUTOS = YES_AGGRESSIVE;
				GCC_WARN_UNUSED_FUNCTION = YES;
				GCC_WARN_UNUSED_VARIABLE = YES;
				IPHONEOS_DEPLOYMENT_TARGET = 9.3;
				MTL_ENABLE_DEBUG_INFO = NO;
				SDKROOT = iphoneos;
				TARGETED_DEVICE_FAMILY = "1,2";
				VALIDATE_PRODUCT = YES;
			};
			name = Release;
		};
		FAF581F31CCF0A6300992B81 /* Debug */ = {
			isa = XCBuildConfiguration;
			baseConfigurationReference = AA23AD1EBA076B6178E471AA /* Pods.debug.xcconfig */;
			buildSettings = {
				ASSETCATALOG_COMPILER_APPICON_NAME = AppIcon;
				GCC_PREFIX_HEADER = "$(SRCROOT)/MysteryPalaceRaiders/Config/PrefixHeader.pch";
				INFOPLIST_FILE = MysteryPalaceRaiders/Info.plist;
				LD_RUNPATH_SEARCH_PATHS = "$(inherited) @executable_path/Frameworks";
				PRODUCT_BUNDLE_IDENTIFIER = com.jordan.mysterypalace.MysteryPalaceRaiders;
				PRODUCT_NAME = "$(TARGET_NAME)";
			};
			name = Debug;
		};
		FAF581F41CCF0A6300992B81 /* Release */ = {
			isa = XCBuildConfiguration;
			baseConfigurationReference = 60A566244E51BC6B84BF6CBD /* Pods.release.xcconfig */;
			buildSettings = {
				ASSETCATALOG_COMPILER_APPICON_NAME = AppIcon;
				GCC_PREFIX_HEADER = "$(SRCROOT)/MysteryPalaceRaiders/Config/PrefixHeader.pch";
				INFOPLIST_FILE = MysteryPalaceRaiders/Info.plist;
				LD_RUNPATH_SEARCH_PATHS = "$(inherited) @executable_path/Frameworks";
				PRODUCT_BUNDLE_IDENTIFIER = com.jordan.mysterypalace.MysteryPalaceRaiders;
				PRODUCT_NAME = "$(TARGET_NAME)";
			};
			name = Release;
		};
		FAF581F61CCF0A6300992B81 /* Debug */ = {
			isa = XCBuildConfiguration;
			buildSettings = {
				BUNDLE_LOADER = "$(TEST_HOST)";
				INFOPLIST_FILE = MysteryPalaceRaidersTests/Info.plist;
				LD_RUNPATH_SEARCH_PATHS = "$(inherited) @executable_path/Frameworks @loader_path/Frameworks";
				PRODUCT_BUNDLE_IDENTIFIER = com.jordan.mysterypalace.MysteryPalaceRaidersTests;
				PRODUCT_NAME = "$(TARGET_NAME)";
				TEST_HOST = "$(BUILT_PRODUCTS_DIR)/MysteryPalaceRaiders.app/MysteryPalaceRaiders";
			};
			name = Debug;
		};
		FAF581F71CCF0A6300992B81 /* Release */ = {
			isa = XCBuildConfiguration;
			buildSettings = {
				BUNDLE_LOADER = "$(TEST_HOST)";
				INFOPLIST_FILE = MysteryPalaceRaidersTests/Info.plist;
				LD_RUNPATH_SEARCH_PATHS = "$(inherited) @executable_path/Frameworks @loader_path/Frameworks";
				PRODUCT_BUNDLE_IDENTIFIER = com.jordan.mysterypalace.MysteryPalaceRaidersTests;
				PRODUCT_NAME = "$(TARGET_NAME)";
				TEST_HOST = "$(BUILT_PRODUCTS_DIR)/MysteryPalaceRaiders.app/MysteryPalaceRaiders";
			};
			name = Release;
		};
		FAF581F91CCF0A6300992B81 /* Debug */ = {
			isa = XCBuildConfiguration;
			buildSettings = {
				INFOPLIST_FILE = MysteryPalaceRaidersUITests/Info.plist;
				LD_RUNPATH_SEARCH_PATHS = "$(inherited) @executable_path/Frameworks @loader_path/Frameworks";
				PRODUCT_BUNDLE_IDENTIFIER = com.jordan.mysterypalace.MysteryPalaceRaidersUITests;
				PRODUCT_NAME = "$(TARGET_NAME)";
				TEST_TARGET_NAME = MysteryPalaceRaiders;
			};
			name = Debug;
		};
		FAF581FA1CCF0A6300992B81 /* Release */ = {
			isa = XCBuildConfiguration;
			buildSettings = {
				INFOPLIST_FILE = MysteryPalaceRaidersUITests/Info.plist;
				LD_RUNPATH_SEARCH_PATHS = "$(inherited) @executable_path/Frameworks @loader_path/Frameworks";
				PRODUCT_BUNDLE_IDENTIFIER = com.jordan.mysterypalace.MysteryPalaceRaidersUITests;
				PRODUCT_NAME = "$(TARGET_NAME)";
				TEST_TARGET_NAME = MysteryPalaceRaiders;
			};
			name = Release;
		};
/* End XCBuildConfiguration section */

/* Begin XCConfigurationList section */
		FAF581C01CCF0A6300992B81 /* Build configuration list for PBXProject "MysteryPalaceRaiders" */ = {
			isa = XCConfigurationList;
			buildConfigurations = (
				FAF581F01CCF0A6300992B81 /* Debug */,
				FAF581F11CCF0A6300992B81 /* Release */,
			);
			defaultConfigurationIsVisible = 0;
			defaultConfigurationName = Release;
		};
		FAF581F21CCF0A6300992B81 /* Build configuration list for PBXNativeTarget "MysteryPalaceRaiders" */ = {
			isa = XCConfigurationList;
			buildConfigurations = (
				FAF581F31CCF0A6300992B81 /* Debug */,
				FAF581F41CCF0A6300992B81 /* Release */,
			);
			defaultConfigurationIsVisible = 0;
			defaultConfigurationName = Release;
		};
		FAF581F51CCF0A6300992B81 /* Build configuration list for PBXNativeTarget "MysteryPalaceRaidersTests" */ = {
			isa = XCConfigurationList;
			buildConfigurations = (
				FAF581F61CCF0A6300992B81 /* Debug */,
				FAF581F71CCF0A6300992B81 /* Release */,
			);
			defaultConfigurationIsVisible = 0;
			defaultConfigurationName = Release;
		};
		FAF581F81CCF0A6300992B81 /* Build configuration list for PBXNativeTarget "MysteryPalaceRaidersUITests" */ = {
			isa = XCConfigurationList;
			buildConfigurations = (
				FAF581F91CCF0A6300992B81 /* Debug */,
				FAF581FA1CCF0A6300992B81 /* Release */,
			);
			defaultConfigurationIsVisible = 0;
			defaultConfigurationName = Release;
		};
/* End XCConfigurationList section */
	};
	rootObject = FAF581BD1CCF0A6300992B81 /* Project object */;
}
